// !$*UTF8*$!
{
	archiveVersion = 1;
	classes = {
	};
	objectVersion = 48;
	objects = {

/* Begin PBXBuildFile section */
		4773DC9383317699C115E36C /* Pods_GithubGists.framework in Frameworks */ = {isa = PBXBuildFile; fileRef = 77CFDB6941313E2E30782EF2 /* Pods_GithubGists.framework */; };
		615800B34C970DCFCD5910D3 /* Pods_GithubGistsTests.framework in Frameworks */ = {isa = PBXBuildFile; fileRef = C300879C4C3DCE9BEA4FC0D7 /* Pods_GithubGistsTests.framework */; };
		A10CEFD51FE7F33B00D65E57 /* FileEntityTest.swift in Sources */ = {isa = PBXBuildFile; fileRef = A10CEFD41FE7F33B00D65E57 /* FileEntityTest.swift */; };
		A10CEFD61FE7F96800D65E57 /* FileEntity.swift in Sources */ = {isa = PBXBuildFile; fileRef = A1F6D5D31FE2E1AD00D3E6C5 /* FileEntity.swift */; };
		A10CEFD71FE7F96B00D65E57 /* GistEntity.swift in Sources */ = {isa = PBXBuildFile; fileRef = A1F6D5D11FE2E19C00D3E6C5 /* GistEntity.swift */; };
		A10CEFD91FE8108700D65E57 /* Main.storyboard in Resources */ = {isa = PBXBuildFile; fileRef = A10CEFD81FE8108700D65E57 /* Main.storyboard */; };
		A10CEFDB1FE81F5400D65E57 /* GistEntityTest.swift in Sources */ = {isa = PBXBuildFile; fileRef = A10CEFDA1FE81F5400D65E57 /* GistEntityTest.swift */; };
		A119BB821FF2A513001A8C10 /* File+Mapper.swift in Sources */ = {isa = PBXBuildFile; fileRef = A1E1136E1FED708B00F47740 /* File+Mapper.swift */; };
		A119BB861FF2B55F001A8C10 /* UserMapperTest.swift in Sources */ = {isa = PBXBuildFile; fileRef = A119BB851FF2B55F001A8C10 /* UserMapperTest.swift */; };
		A1370FD61FEC1DA600F7CCDC /* withoutid_withatt.json in Resources */ = {isa = PBXBuildFile; fileRef = A1370FD31FEC1DA500F7CCDC /* withoutid_withatt.json */; };
		A1370FD71FEC1DA600F7CCDC /* withid_withoutatt.json in Resources */ = {isa = PBXBuildFile; fileRef = A1370FD41FEC1DA500F7CCDC /* withid_withoutatt.json */; };
		A1370FD81FEC1DA600F7CCDC /* withwrongid_withatt.json in Resources */ = {isa = PBXBuildFile; fileRef = A1370FD51FEC1DA500F7CCDC /* withwrongid_withatt.json */; };
		A1370FDD1FEC244600F7CCDC /* file_entity.json in Resources */ = {isa = PBXBuildFile; fileRef = A1370FD91FEC244500F7CCDC /* file_entity.json */; };
		A1370FDE1FEC244600F7CCDC /* withfilename_withoutatt.json in Resources */ = {isa = PBXBuildFile; fileRef = A1370FDA1FEC244500F7CCDC /* withfilename_withoutatt.json */; };
		A1370FDF1FEC244600F7CCDC /* withwrongfilename_withatt.json in Resources */ = {isa = PBXBuildFile; fileRef = A1370FDB1FEC244500F7CCDC /* withwrongfilename_withatt.json */; };
		A1370FE01FEC244600F7CCDC /* withoutfilename_withatt.json in Resources */ = {isa = PBXBuildFile; fileRef = A1370FDC1FEC244500F7CCDC /* withoutfilename_withatt.json */; };
		A1370FE21FEC3BBC00F7CCDC /* gist_entity.json in Resources */ = {isa = PBXBuildFile; fileRef = A1370FE11FEC3BBC00F7CCDC /* gist_entity.json */; };
		A1370FE41FEC3E7600F7CCDC /* User+Mapper.swift in Sources */ = {isa = PBXBuildFile; fileRef = A1370FE31FEC3E7600F7CCDC /* User+Mapper.swift */; };
		A1370FE51FEC3E7600F7CCDC /* User+Mapper.swift in Sources */ = {isa = PBXBuildFile; fileRef = A1370FE31FEC3E7600F7CCDC /* User+Mapper.swift */; };
		A15C8C1B1FEAC97100B5C719 /* TestableEntity.swift in Sources */ = {isa = PBXBuildFile; fileRef = A15C8C1A1FEAC97100B5C719 /* TestableEntity.swift */; };
		A1628D0D1FF2BF4B00656B5A /* FileMapperTest.swift in Sources */ = {isa = PBXBuildFile; fileRef = A1628D0C1FF2BF4B00656B5A /* FileMapperTest.swift */; };
		A1628D0F1FF2CAF000656B5A /* GistMapperTest.swift in Sources */ = {isa = PBXBuildFile; fileRef = A1628D0E1FF2CAF000656B5A /* GistMapperTest.swift */; };
		A16A063A1FEADB4E0083A55A /* HTTPError.swift in Sources */ = {isa = PBXBuildFile; fileRef = A16A06391FEADB4E0083A55A /* HTTPError.swift */; };
		A16A063C1FEADBF10083A55A /* JSONError.swift in Sources */ = {isa = PBXBuildFile; fileRef = A16A063B1FEADBF10083A55A /* JSONError.swift */; };
		A16A063D1FEAE4960083A55A /* HTTPError.swift in Sources */ = {isa = PBXBuildFile; fileRef = A16A06391FEADB4E0083A55A /* HTTPError.swift */; };
		A16A063E1FEAE4990083A55A /* JSONError.swift in Sources */ = {isa = PBXBuildFile; fileRef = A16A063B1FEADBF10083A55A /* JSONError.swift */; };
		A1D063851FEA9F7500B9835F /* user_entity.json in Resources */ = {isa = PBXBuildFile; fileRef = A1D063841FEA9F7500B9835F /* user_entity.json */; };
		A1E1136F1FED708B00F47740 /* File+Mapper.swift in Sources */ = {isa = PBXBuildFile; fileRef = A1E1136E1FED708B00F47740 /* File+Mapper.swift */; };
		A1E113761FED712500F47740 /* Gist+Mapper.swift in Sources */ = {isa = PBXBuildFile; fileRef = A1E113751FED712500F47740 /* Gist+Mapper.swift */; };
		A1E113771FED712500F47740 /* Gist+Mapper.swift in Sources */ = {isa = PBXBuildFile; fileRef = A1E113751FED712500F47740 /* Gist+Mapper.swift */; };
		A1E1137C1FED7B1700F47740 /* MappableModelProtocol.swift in Sources */ = {isa = PBXBuildFile; fileRef = A1E1137B1FED7B1700F47740 /* MappableModelProtocol.swift */; };
		A1E1137D1FED7B1700F47740 /* MappableModelProtocol.swift in Sources */ = {isa = PBXBuildFile; fileRef = A1E1137B1FED7B1700F47740 /* MappableModelProtocol.swift */; };
		A1E113831FED7FF300F47740 /* withoutid_withatt.json in Resources */ = {isa = PBXBuildFile; fileRef = A1E1137E1FED7FF200F47740 /* withoutid_withatt.json */; };
		A1E113841FED7FF300F47740 /* withid_withfile_withoutowner.json in Resources */ = {isa = PBXBuildFile; fileRef = A1E1137F1FED7FF200F47740 /* withid_withfile_withoutowner.json */; };
		A1E113851FED7FF300F47740 /* withid_withoutfile_withowner.json in Resources */ = {isa = PBXBuildFile; fileRef = A1E113801FED7FF300F47740 /* withid_withoutfile_withowner.json */; };
		A1E113861FED7FF300F47740 /* withid_withfile_withinvaliddate.json in Resources */ = {isa = PBXBuildFile; fileRef = A1E113811FED7FF300F47740 /* withid_withfile_withinvaliddate.json */; };
		A1E113871FED7FF300F47740 /* withid_withfiles_withowner.json in Resources */ = {isa = PBXBuildFile; fileRef = A1E113821FED7FF300F47740 /* withid_withfiles_withowner.json */; };
		A1EE54591FE99A2D000C87B1 /* Gist.swift in Sources */ = {isa = PBXBuildFile; fileRef = A1EE54581FE99A2D000C87B1 /* Gist.swift */; };
		A1EE545A1FE99A2D000C87B1 /* Gist.swift in Sources */ = {isa = PBXBuildFile; fileRef = A1EE54581FE99A2D000C87B1 /* Gist.swift */; };
		A1EE545C1FE99A36000C87B1 /* File.swift in Sources */ = {isa = PBXBuildFile; fileRef = A1EE545B1FE99A36000C87B1 /* File.swift */; };
		A1EE545D1FE99A36000C87B1 /* File.swift in Sources */ = {isa = PBXBuildFile; fileRef = A1EE545B1FE99A36000C87B1 /* File.swift */; };
		A1EE545F1FE99A44000C87B1 /* User.swift in Sources */ = {isa = PBXBuildFile; fileRef = A1EE545E1FE99A44000C87B1 /* User.swift */; };
		A1EE54601FE99A44000C87B1 /* User.swift in Sources */ = {isa = PBXBuildFile; fileRef = A1EE545E1FE99A44000C87B1 /* User.swift */; };
		A1F6D5D21FE2E19C00D3E6C5 /* GistEntity.swift in Sources */ = {isa = PBXBuildFile; fileRef = A1F6D5D11FE2E19C00D3E6C5 /* GistEntity.swift */; };
		A1F6D5D41FE2E1AD00D3E6C5 /* FileEntity.swift in Sources */ = {isa = PBXBuildFile; fileRef = A1F6D5D31FE2E1AD00D3E6C5 /* FileEntity.swift */; };
		A1F6D5D71FE2E1BB00D3E6C5 /* UserEntity.swift in Sources */ = {isa = PBXBuildFile; fileRef = A1F6D5D61FE2E1BB00D3E6C5 /* UserEntity.swift */; };
		A1F6D5DB1FE3192300D3E6C5 /* UserEntityTest.swift in Sources */ = {isa = PBXBuildFile; fileRef = A1F6D5DA1FE3192300D3E6C5 /* UserEntityTest.swift */; };
		A1F6D5DC1FE31B2A00D3E6C5 /* UserEntity.swift in Sources */ = {isa = PBXBuildFile; fileRef = A1F6D5D61FE2E1BB00D3E6C5 /* UserEntity.swift */; };
		A1F931521FF405E100FCDDAB /* GithubGist.swift in Sources */ = {isa = PBXBuildFile; fileRef = A1F931511FF405E100FCDDAB /* GithubGist.swift */; };
		A1F931531FF405E100FCDDAB /* GithubGist.swift in Sources */ = {isa = PBXBuildFile; fileRef = A1F931511FF405E100FCDDAB /* GithubGist.swift */; };
		A1F931571FF4077700FCDDAB /* GistDataSource.swift in Sources */ = {isa = PBXBuildFile; fileRef = A1F931561FF4077700FCDDAB /* GistDataSource.swift */; };
		A1F931581FF4077700FCDDAB /* GistDataSource.swift in Sources */ = {isa = PBXBuildFile; fileRef = A1F931561FF4077700FCDDAB /* GistDataSource.swift */; };
		A1F9315D1FF4082500FCDDAB /* GistRestDataSource.swift in Sources */ = {isa = PBXBuildFile; fileRef = A1F9315C1FF4082500FCDDAB /* GistRestDataSource.swift */; };
		A1F9315E1FF4082500FCDDAB /* GistRestDataSource.swift in Sources */ = {isa = PBXBuildFile; fileRef = A1F9315C1FF4082500FCDDAB /* GistRestDataSource.swift */; };
		A1F931611FF40B3A00FCDDAB /* ObservableType+Error.swift in Sources */ = {isa = PBXBuildFile; fileRef = A1F931601FF40B3A00FCDDAB /* ObservableType+Error.swift */; };
		A1F931621FF40B3A00FCDDAB /* ObservableType+Error.swift in Sources */ = {isa = PBXBuildFile; fileRef = A1F931601FF40B3A00FCDDAB /* ObservableType+Error.swift */; };
		A1F9316B1FF42D1D00FCDDAB /* GenericMappableEntity.swift in Sources */ = {isa = PBXBuildFile; fileRef = A1F9316A1FF42D1D00FCDDAB /* GenericMappableEntity.swift */; };
		A1F9316C1FF42D1D00FCDDAB /* GenericMappableEntity.swift in Sources */ = {isa = PBXBuildFile; fileRef = A1F9316A1FF42D1D00FCDDAB /* GenericMappableEntity.swift */; };
		A1FC433B1FD18660004E9AF0 /* AppDelegate.swift in Sources */ = {isa = PBXBuildFile; fileRef = A1FC433A1FD18660004E9AF0 /* AppDelegate.swift */; };
		A1FC43421FD18660004E9AF0 /* Assets.xcassets in Resources */ = {isa = PBXBuildFile; fileRef = A1FC43411FD18660004E9AF0 /* Assets.xcassets */; };
		A1FC43451FD18660004E9AF0 /* LaunchScreen.storyboard in Resources */ = {isa = PBXBuildFile; fileRef = A1FC43431FD18660004E9AF0 /* LaunchScreen.storyboard */; };
/* End PBXBuildFile section */

/* Begin PBXContainerItemProxy section */
		A18481CE1FD46B4A009308E9 /* PBXContainerItemProxy */ = {
			isa = PBXContainerItemProxy;
			containerPortal = A1FC432F1FD18660004E9AF0 /* Project object */;
			proxyType = 1;
			remoteGlobalIDString = A1FC43361FD18660004E9AF0;
			remoteInfo = GithubGists;
		};
/* End PBXContainerItemProxy section */

/* Begin PBXFileReference section */
		17BFE1660E41203F71521219 /* Pods-GithubGists.debug.xcconfig */ = {isa = PBXFileReference; includeInIndex = 1; lastKnownFileType = text.xcconfig; name = "Pods-GithubGists.debug.xcconfig"; path = "Pods/Target Support Files/Pods-GithubGists/Pods-GithubGists.debug.xcconfig"; sourceTree = "<group>"; };
		77CFDB6941313E2E30782EF2 /* Pods_GithubGists.framework */ = {isa = PBXFileReference; explicitFileType = wrapper.framework; includeInIndex = 0; path = Pods_GithubGists.framework; sourceTree = BUILT_PRODUCTS_DIR; };
		8BC9DCF0ED4FC52BD9A59B2B /* Pods-GithubGistsTests.release.xcconfig */ = {isa = PBXFileReference; includeInIndex = 1; lastKnownFileType = text.xcconfig; name = "Pods-GithubGistsTests.release.xcconfig"; path = "Pods/Target Support Files/Pods-GithubGistsTests/Pods-GithubGistsTests.release.xcconfig"; sourceTree = "<group>"; };
		8C4E24D8217355671A7FA86D /* Pods-GithubGistsTests.debug.xcconfig */ = {isa = PBXFileReference; includeInIndex = 1; lastKnownFileType = text.xcconfig; name = "Pods-GithubGistsTests.debug.xcconfig"; path = "Pods/Target Support Files/Pods-GithubGistsTests/Pods-GithubGistsTests.debug.xcconfig"; sourceTree = "<group>"; };
		A10CEFD41FE7F33B00D65E57 /* FileEntityTest.swift */ = {isa = PBXFileReference; lastKnownFileType = sourcecode.swift; path = FileEntityTest.swift; sourceTree = "<group>"; };
		A10CEFD81FE8108700D65E57 /* Main.storyboard */ = {isa = PBXFileReference; fileEncoding = 4; lastKnownFileType = file.storyboard; path = Main.storyboard; sourceTree = "<group>"; };
		A10CEFDA1FE81F5400D65E57 /* GistEntityTest.swift */ = {isa = PBXFileReference; lastKnownFileType = sourcecode.swift; path = GistEntityTest.swift; sourceTree = "<group>"; };
		A119BB851FF2B55F001A8C10 /* UserMapperTest.swift */ = {isa = PBXFileReference; lastKnownFileType = sourcecode.swift; path = UserMapperTest.swift; sourceTree = "<group>"; };
		A1370FD31FEC1DA500F7CCDC /* withoutid_withatt.json */ = {isa = PBXFileReference; fileEncoding = 4; lastKnownFileType = text.json; path = withoutid_withatt.json; sourceTree = "<group>"; };
		A1370FD41FEC1DA500F7CCDC /* withid_withoutatt.json */ = {isa = PBXFileReference; fileEncoding = 4; lastKnownFileType = text.json; path = withid_withoutatt.json; sourceTree = "<group>"; };
		A1370FD51FEC1DA500F7CCDC /* withwrongid_withatt.json */ = {isa = PBXFileReference; fileEncoding = 4; lastKnownFileType = text.json; path = withwrongid_withatt.json; sourceTree = "<group>"; };
		A1370FD91FEC244500F7CCDC /* file_entity.json */ = {isa = PBXFileReference; fileEncoding = 4; lastKnownFileType = text.json; path = file_entity.json; sourceTree = "<group>"; };
		A1370FDA1FEC244500F7CCDC /* withfilename_withoutatt.json */ = {isa = PBXFileReference; fileEncoding = 4; lastKnownFileType = text.json; path = withfilename_withoutatt.json; sourceTree = "<group>"; };
		A1370FDB1FEC244500F7CCDC /* withwrongfilename_withatt.json */ = {isa = PBXFileReference; fileEncoding = 4; lastKnownFileType = text.json; path = withwrongfilename_withatt.json; sourceTree = "<group>"; };
		A1370FDC1FEC244500F7CCDC /* withoutfilename_withatt.json */ = {isa = PBXFileReference; fileEncoding = 4; lastKnownFileType = text.json; path = withoutfilename_withatt.json; sourceTree = "<group>"; };
		A1370FE11FEC3BBC00F7CCDC /* gist_entity.json */ = {isa = PBXFileReference; fileEncoding = 4; lastKnownFileType = text.json; path = gist_entity.json; sourceTree = "<group>"; };
		A1370FE31FEC3E7600F7CCDC /* User+Mapper.swift */ = {isa = PBXFileReference; lastKnownFileType = sourcecode.swift; path = "User+Mapper.swift"; sourceTree = "<group>"; };
		A15C8C1A1FEAC97100B5C719 /* TestableEntity.swift */ = {isa = PBXFileReference; lastKnownFileType = sourcecode.swift; path = TestableEntity.swift; sourceTree = "<group>"; };
		A1628D0C1FF2BF4B00656B5A /* FileMapperTest.swift */ = {isa = PBXFileReference; lastKnownFileType = sourcecode.swift; path = FileMapperTest.swift; sourceTree = "<group>"; };
		A1628D0E1FF2CAF000656B5A /* GistMapperTest.swift */ = {isa = PBXFileReference; lastKnownFileType = sourcecode.swift; path = GistMapperTest.swift; sourceTree = "<group>"; };
		A16A06391FEADB4E0083A55A /* HTTPError.swift */ = {isa = PBXFileReference; lastKnownFileType = sourcecode.swift; path = HTTPError.swift; sourceTree = "<group>"; };
		A16A063B1FEADBF10083A55A /* JSONError.swift */ = {isa = PBXFileReference; lastKnownFileType = sourcecode.swift; path = JSONError.swift; sourceTree = "<group>"; };
		A18481C91FD46B4A009308E9 /* GithubGistsTests.xctest */ = {isa = PBXFileReference; explicitFileType = wrapper.cfbundle; includeInIndex = 0; path = GithubGistsTests.xctest; sourceTree = BUILT_PRODUCTS_DIR; };
		A18481CD1FD46B4A009308E9 /* Info.plist */ = {isa = PBXFileReference; lastKnownFileType = text.plist.xml; path = Info.plist; sourceTree = "<group>"; };
		A1D063841FEA9F7500B9835F /* user_entity.json */ = {isa = PBXFileReference; fileEncoding = 4; lastKnownFileType = text.json; path = user_entity.json; sourceTree = "<group>"; };
		A1E1136E1FED708B00F47740 /* File+Mapper.swift */ = {isa = PBXFileReference; lastKnownFileType = sourcecode.swift; path = "File+Mapper.swift"; sourceTree = "<group>"; };
		A1E113751FED712500F47740 /* Gist+Mapper.swift */ = {isa = PBXFileReference; lastKnownFileType = sourcecode.swift; path = "Gist+Mapper.swift"; sourceTree = "<group>"; };
		A1E1137B1FED7B1700F47740 /* MappableModelProtocol.swift */ = {isa = PBXFileReference; lastKnownFileType = sourcecode.swift; path = MappableModelProtocol.swift; sourceTree = "<group>"; };
		A1E1137E1FED7FF200F47740 /* withoutid_withatt.json */ = {isa = PBXFileReference; fileEncoding = 4; lastKnownFileType = text.json; path = withoutid_withatt.json; sourceTree = "<group>"; };
		A1E1137F1FED7FF200F47740 /* withid_withfile_withoutowner.json */ = {isa = PBXFileReference; fileEncoding = 4; lastKnownFileType = text.json; path = withid_withfile_withoutowner.json; sourceTree = "<group>"; };
		A1E113801FED7FF300F47740 /* withid_withoutfile_withowner.json */ = {isa = PBXFileReference; fileEncoding = 4; lastKnownFileType = text.json; path = withid_withoutfile_withowner.json; sourceTree = "<group>"; };
		A1E113811FED7FF300F47740 /* withid_withfile_withinvaliddate.json */ = {isa = PBXFileReference; fileEncoding = 4; lastKnownFileType = text.json; path = withid_withfile_withinvaliddate.json; sourceTree = "<group>"; };
		A1E113821FED7FF300F47740 /* withid_withfiles_withowner.json */ = {isa = PBXFileReference; fileEncoding = 4; lastKnownFileType = text.json; path = withid_withfiles_withowner.json; sourceTree = "<group>"; };
		A1EE54581FE99A2D000C87B1 /* Gist.swift */ = {isa = PBXFileReference; lastKnownFileType = sourcecode.swift; path = Gist.swift; sourceTree = "<group>"; };
		A1EE545B1FE99A36000C87B1 /* File.swift */ = {isa = PBXFileReference; lastKnownFileType = sourcecode.swift; path = File.swift; sourceTree = "<group>"; };
		A1EE545E1FE99A44000C87B1 /* User.swift */ = {isa = PBXFileReference; lastKnownFileType = sourcecode.swift; path = User.swift; sourceTree = "<group>"; };
		A1F6D5D11FE2E19C00D3E6C5 /* GistEntity.swift */ = {isa = PBXFileReference; lastKnownFileType = sourcecode.swift; path = GistEntity.swift; sourceTree = "<group>"; };
		A1F6D5D31FE2E1AD00D3E6C5 /* FileEntity.swift */ = {isa = PBXFileReference; lastKnownFileType = sourcecode.swift; path = FileEntity.swift; sourceTree = "<group>"; };
		A1F6D5D61FE2E1BB00D3E6C5 /* UserEntity.swift */ = {isa = PBXFileReference; lastKnownFileType = sourcecode.swift; path = UserEntity.swift; sourceTree = "<group>"; };
		A1F6D5DA1FE3192300D3E6C5 /* UserEntityTest.swift */ = {isa = PBXFileReference; lastKnownFileType = sourcecode.swift; path = UserEntityTest.swift; sourceTree = "<group>"; };
		A1F931511FF405E100FCDDAB /* GithubGist.swift */ = {isa = PBXFileReference; lastKnownFileType = sourcecode.swift; path = GithubGist.swift; sourceTree = "<group>"; };
		A1F931561FF4077700FCDDAB /* GistDataSource.swift */ = {isa = PBXFileReference; lastKnownFileType = sourcecode.swift; path = GistDataSource.swift; sourceTree = "<group>"; };
		A1F9315C1FF4082500FCDDAB /* GistRestDataSource.swift */ = {isa = PBXFileReference; lastKnownFileType = sourcecode.swift; path = GistRestDataSource.swift; sourceTree = "<group>"; };
		A1F931601FF40B3A00FCDDAB /* ObservableType+Error.swift */ = {isa = PBXFileReference; lastKnownFileType = sourcecode.swift; path = "ObservableType+Error.swift"; sourceTree = "<group>"; };
		A1F9316A1FF42D1D00FCDDAB /* GenericMappableEntity.swift */ = {isa = PBXFileReference; lastKnownFileType = sourcecode.swift; path = GenericMappableEntity.swift; sourceTree = "<group>"; };
		A1FC43371FD18660004E9AF0 /* GithubGists.app */ = {isa = PBXFileReference; explicitFileType = wrapper.application; includeInIndex = 0; path = GithubGists.app; sourceTree = BUILT_PRODUCTS_DIR; };
		A1FC433A1FD18660004E9AF0 /* AppDelegate.swift */ = {isa = PBXFileReference; lastKnownFileType = sourcecode.swift; path = AppDelegate.swift; sourceTree = "<group>"; };
		A1FC43411FD18660004E9AF0 /* Assets.xcassets */ = {isa = PBXFileReference; lastKnownFileType = folder.assetcatalog; path = Assets.xcassets; sourceTree = "<group>"; };
		A1FC43441FD18660004E9AF0 /* Base */ = {isa = PBXFileReference; lastKnownFileType = file.storyboard; name = Base; path = Base.lproj/LaunchScreen.storyboard; sourceTree = "<group>"; };
		A1FC43461FD18660004E9AF0 /* Info.plist */ = {isa = PBXFileReference; lastKnownFileType = text.plist.xml; path = Info.plist; sourceTree = "<group>"; };
		C300879C4C3DCE9BEA4FC0D7 /* Pods_GithubGistsTests.framework */ = {isa = PBXFileReference; explicitFileType = wrapper.framework; includeInIndex = 0; path = Pods_GithubGistsTests.framework; sourceTree = BUILT_PRODUCTS_DIR; };
		C4D86EA90AA3871AE877241C /* Pods-GithubGists.release.xcconfig */ = {isa = PBXFileReference; includeInIndex = 1; lastKnownFileType = text.xcconfig; name = "Pods-GithubGists.release.xcconfig"; path = "Pods/Target Support Files/Pods-GithubGists/Pods-GithubGists.release.xcconfig"; sourceTree = "<group>"; };
/* End PBXFileReference section */

/* Begin PBXFrameworksBuildPhase section */
		A18481C61FD46B4A009308E9 /* Frameworks */ = {
			isa = PBXFrameworksBuildPhase;
			buildActionMask = 2147483647;
			files = (
				615800B34C970DCFCD5910D3 /* Pods_GithubGistsTests.framework in Frameworks */,
			);
			runOnlyForDeploymentPostprocessing = 0;
		};
		A1FC43341FD18660004E9AF0 /* Frameworks */ = {
			isa = PBXFrameworksBuildPhase;
			buildActionMask = 2147483647;
			files = (
				4773DC9383317699C115E36C /* Pods_GithubGists.framework in Frameworks */,
			);
			runOnlyForDeploymentPostprocessing = 0;
		};
/* End PBXFrameworksBuildPhase section */

/* Begin PBXGroup section */
		A119BB841FF2B4C6001A8C10 /* Mapper */ = {
			isa = PBXGroup;
			children = (
				A119BB851FF2B55F001A8C10 /* UserMapperTest.swift */,
				A1628D0C1FF2BF4B00656B5A /* FileMapperTest.swift */,
				A1628D0E1FF2CAF000656B5A /* GistMapperTest.swift */,
			);
			path = Mapper;
			sourceTree = "<group>";
		};
		A1370FD11FEC1D7D00F7CCDC /* FileEntity */ = {
			isa = PBXGroup;
			children = (
				A1370FD91FEC244500F7CCDC /* file_entity.json */,
				A1370FDA1FEC244500F7CCDC /* withfilename_withoutatt.json */,
				A1370FDC1FEC244500F7CCDC /* withoutfilename_withatt.json */,
				A1370FDB1FEC244500F7CCDC /* withwrongfilename_withatt.json */,
			);
			path = FileEntity;
			sourceTree = "<group>";
		};
		A1370FD21FEC1D8700F7CCDC /* GistEntity */ = {
			isa = PBXGroup;
			children = (
				A1370FE11FEC3BBC00F7CCDC /* gist_entity.json */,
				A1E1137E1FED7FF200F47740 /* withoutid_withatt.json */,
				A1E113801FED7FF300F47740 /* withid_withoutfile_withowner.json */,
				A1E1137F1FED7FF200F47740 /* withid_withfile_withoutowner.json */,
				A1E113821FED7FF300F47740 /* withid_withfiles_withowner.json */,
				A1E113811FED7FF300F47740 /* withid_withfile_withinvaliddate.json */,
			);
			path = GistEntity;
			sourceTree = "<group>";
		};
		A15C8C191FEAC78C00B5C719 /* Error */ = {
			isa = PBXGroup;
			children = (
				A1F9315F1FF40B0D00FCDDAB /* Catcher */,
				A16A06391FEADB4E0083A55A /* HTTPError.swift */,
				A16A063B1FEADBF10083A55A /* JSONError.swift */,
			);
			path = Error;
			sourceTree = "<group>";
		};
		A16A063F1FEAECCC0083A55A /* UserEntity */ = {
			isa = PBXGroup;
			children = (
				A1D063841FEA9F7500B9835F /* user_entity.json */,
				A1370FD41FEC1DA500F7CCDC /* withid_withoutatt.json */,
				A1370FD31FEC1DA500F7CCDC /* withoutid_withatt.json */,
				A1370FD51FEC1DA500F7CCDC /* withwrongid_withatt.json */,
			);
			path = UserEntity;
			sourceTree = "<group>";
		};
		A18481CA1FD46B4A009308E9 /* GithubGistsTests */ = {
			isa = PBXGroup;
			children = (
				A1D063831FEA9F0B00B9835F /* JSONs */,
				A1EE54511FE9949E000C87B1 /* Store */,
				A18481CD1FD46B4A009308E9 /* Info.plist */,
			);
			path = GithubGistsTests;
			sourceTree = "<group>";
		};
		A1D063831FEA9F0B00B9835F /* JSONs */ = {
			isa = PBXGroup;
			children = (
				A16A063F1FEAECCC0083A55A /* UserEntity */,
				A1370FD11FEC1D7D00F7CCDC /* FileEntity */,
				A1370FD21FEC1D8700F7CCDC /* GistEntity */,
			);
			path = JSONs;
			sourceTree = "<group>";
		};
		A1EE54511FE9949E000C87B1 /* Store */ = {
			isa = PBXGroup;
			children = (
				A1EE54521FE994A6000C87B1 /* Entity */,
				A119BB841FF2B4C6001A8C10 /* Mapper */,
			);
			path = Store;
			sourceTree = "<group>";
		};
		A1EE54521FE994A6000C87B1 /* Entity */ = {
			isa = PBXGroup;
			children = (
				A1F6D5DA1FE3192300D3E6C5 /* UserEntityTest.swift */,
				A10CEFD41FE7F33B00D65E57 /* FileEntityTest.swift */,
				A10CEFDA1FE81F5400D65E57 /* GistEntityTest.swift */,
				A15C8C1A1FEAC97100B5C719 /* TestableEntity.swift */,
			);
			path = Entity;
			sourceTree = "<group>";
		};
		A1EE54531FE99909000C87B1 /* Model */ = {
			isa = PBXGroup;
			children = (
				A1EE545E1FE99A44000C87B1 /* User.swift */,
				A1EE545B1FE99A36000C87B1 /* File.swift */,
				A1EE54581FE99A2D000C87B1 /* Gist.swift */,
			);
			path = Model;
			sourceTree = "<group>";
		};
		A1EE54541FE99917000C87B1 /* Mapper */ = {
			isa = PBXGroup;
			children = (
				A1F9316A1FF42D1D00FCDDAB /* GenericMappableEntity.swift */,
			);
			path = Mapper;
			sourceTree = "<group>";
		};
		A1F6D5CA1FE2D9E600D3E6C5 /* Presentation */ = {
			isa = PBXGroup;
			children = (
				A10CEFD81FE8108700D65E57 /* Main.storyboard */,
			);
			path = Presentation;
			sourceTree = "<group>";
		};
		A1F6D5CB1FE2DA0F00D3E6C5 /* Domain */ = {
			isa = PBXGroup;
			children = (
				A1F931631FF40FDC00FCDDAB /* Mapper */,
				A1F931471FF3D94300FCDDAB /* UseCase */,
				A1EE54531FE99909000C87B1 /* Model */,
			);
			path = Domain;
			sourceTree = "<group>";
		};
		A1F6D5CC1FE2DA1300D3E6C5 /* Store */ = {
			isa = PBXGroup;
			children = (
				A15C8C191FEAC78C00B5C719 /* Error */,
				A1EE54541FE99917000C87B1 /* Mapper */,
				A1F6D5D01FE2E10A00D3E6C5 /* Entity */,
				A1F6D5CF1FE2DE7400D3E6C5 /* Endpoint */,
				A1F931541FF4073A00FCDDAB /* DataSource */,
			);
			path = Store;
			sourceTree = "<group>";
		};
		A1F6D5CF1FE2DE7400D3E6C5 /* Endpoint */ = {
			isa = PBXGroup;
			children = (
				A1F931511FF405E100FCDDAB /* GithubGist.swift */,
			);
			path = Endpoint;
			sourceTree = "<group>";
		};
		A1F6D5D01FE2E10A00D3E6C5 /* Entity */ = {
			isa = PBXGroup;
			children = (
				A1F6D5D61FE2E1BB00D3E6C5 /* UserEntity.swift */,
				A1F6D5D31FE2E1AD00D3E6C5 /* FileEntity.swift */,
				A1F6D5D11FE2E19C00D3E6C5 /* GistEntity.swift */,
			);
			path = Entity;
			sourceTree = "<group>";
		};
		A1F931471FF3D94300FCDDAB /* UseCase */ = {
			isa = PBXGroup;
			children = (
			);
			path = UseCase;
			sourceTree = "<group>";
		};
		A1F9314B1FF3DB3500FCDDAB /* Protocol */ = {
			isa = PBXGroup;
			children = (
				A1E1137B1FED7B1700F47740 /* MappableModelProtocol.swift */,
			);
			path = Protocol;
			sourceTree = "<group>";
		};
		A1F931541FF4073A00FCDDAB /* DataSource */ = {
			isa = PBXGroup;
			children = (
				A1F931551FF4074A00FCDDAB /* Protocol */,
				A1F9315C1FF4082500FCDDAB /* GistRestDataSource.swift */,
			);
			path = DataSource;
			sourceTree = "<group>";
		};
		A1F931551FF4074A00FCDDAB /* Protocol */ = {
			isa = PBXGroup;
			children = (
				A1F931561FF4077700FCDDAB /* GistDataSource.swift */,
			);
			path = Protocol;
			sourceTree = "<group>";
		};
		A1F9315F1FF40B0D00FCDDAB /* Catcher */ = {
			isa = PBXGroup;
			children = (
				A1F931601FF40B3A00FCDDAB /* ObservableType+Error.swift */,
			);
			path = Catcher;
			sourceTree = "<group>";
		};
		A1F931631FF40FDC00FCDDAB /* Mapper */ = {
			isa = PBXGroup;
			children = (
				A1F9314B1FF3DB3500FCDDAB /* Protocol */,
				A1370FE31FEC3E7600F7CCDC /* User+Mapper.swift */,
				A1E1136E1FED708B00F47740 /* File+Mapper.swift */,
				A1E113751FED712500F47740 /* Gist+Mapper.swift */,
			);
			path = Mapper;
			sourceTree = "<group>";
		};
		A1FC432E1FD18660004E9AF0 = {
			isa = PBXGroup;
			children = (
				A1FC43391FD18660004E9AF0 /* GithubGists */,
				A18481CA1FD46B4A009308E9 /* GithubGistsTests */,
				A1FC43381FD18660004E9AF0 /* Products */,
				CC11A575C1A234C5106D440D /* Pods */,
				C2589A74A6A58963A266B29A /* Frameworks */,
			);
			sourceTree = "<group>";
		};
		A1FC43381FD18660004E9AF0 /* Products */ = {
			isa = PBXGroup;
			children = (
				A1FC43371FD18660004E9AF0 /* GithubGists.app */,
				A18481C91FD46B4A009308E9 /* GithubGistsTests.xctest */,
			);
			name = Products;
			sourceTree = "<group>";
		};
		A1FC43391FD18660004E9AF0 /* GithubGists */ = {
			isa = PBXGroup;
			children = (
				A1F6D5CC1FE2DA1300D3E6C5 /* Store */,
				A1F6D5CB1FE2DA0F00D3E6C5 /* Domain */,
				A1F6D5CA1FE2D9E600D3E6C5 /* Presentation */,
				A1FC434C1FD187BA004E9AF0 /* Support Files */,
			);
			path = GithubGists;
			sourceTree = "<group>";
		};
		A1FC434C1FD187BA004E9AF0 /* Support Files */ = {
			isa = PBXGroup;
			children = (
				A1FC43461FD18660004E9AF0 /* Info.plist */,
				A1FC43411FD18660004E9AF0 /* Assets.xcassets */,
				A1FC43431FD18660004E9AF0 /* LaunchScreen.storyboard */,
				A1FC433A1FD18660004E9AF0 /* AppDelegate.swift */,
			);
			path = "Support Files";
			sourceTree = "<group>";
		};
		C2589A74A6A58963A266B29A /* Frameworks */ = {
			isa = PBXGroup;
			children = (
				77CFDB6941313E2E30782EF2 /* Pods_GithubGists.framework */,
				C300879C4C3DCE9BEA4FC0D7 /* Pods_GithubGistsTests.framework */,
			);
			name = Frameworks;
			sourceTree = "<group>";
		};
		CC11A575C1A234C5106D440D /* Pods */ = {
			isa = PBXGroup;
			children = (
				17BFE1660E41203F71521219 /* Pods-GithubGists.debug.xcconfig */,
				C4D86EA90AA3871AE877241C /* Pods-GithubGists.release.xcconfig */,
				8C4E24D8217355671A7FA86D /* Pods-GithubGistsTests.debug.xcconfig */,
				8BC9DCF0ED4FC52BD9A59B2B /* Pods-GithubGistsTests.release.xcconfig */,
			);
			name = Pods;
			sourceTree = "<group>";
		};
/* End PBXGroup section */

/* Begin PBXNativeTarget section */
		A18481C81FD46B4A009308E9 /* GithubGistsTests */ = {
			isa = PBXNativeTarget;
			buildConfigurationList = A18481D01FD46B4A009308E9 /* Build configuration list for PBXNativeTarget "GithubGistsTests" */;
			buildPhases = (
				38569402C353A23EAEF8F502 /* [CP] Check Pods Manifest.lock */,
				A18481C51FD46B4A009308E9 /* Sources */,
				A18481C61FD46B4A009308E9 /* Frameworks */,
				A18481C71FD46B4A009308E9 /* Resources */,
				C709AE92FA63AF9D2DB974AC /* [CP] Embed Pods Frameworks */,
				B54D0D0F153BAC6A08F66FF6 /* [CP] Copy Pods Resources */,
			);
			buildRules = (
			);
			dependencies = (
				A18481CF1FD46B4A009308E9 /* PBXTargetDependency */,
			);
			name = GithubGistsTests;
			productName = GithubGistsTests;
			productReference = A18481C91FD46B4A009308E9 /* GithubGistsTests.xctest */;
			productType = "com.apple.product-type.bundle.unit-test";
		};
		A1FC43361FD18660004E9AF0 /* GithubGists */ = {
			isa = PBXNativeTarget;
			buildConfigurationList = A1FC43491FD18660004E9AF0 /* Build configuration list for PBXNativeTarget "GithubGists" */;
			buildPhases = (
				27086670A2F144411A78D21A /* [CP] Check Pods Manifest.lock */,
				A1FC43331FD18660004E9AF0 /* Sources */,
				A1FC43341FD18660004E9AF0 /* Frameworks */,
				A1FC43351FD18660004E9AF0 /* Resources */,
				C8ECB635705B9EFB8A2F2339 /* [CP] Embed Pods Frameworks */,
				9C356040013F5FD2B4FFAD59 /* [CP] Copy Pods Resources */,
			);
			buildRules = (
			);
			dependencies = (
			);
			name = GithubGists;
			productName = GithubGists;
			productReference = A1FC43371FD18660004E9AF0 /* GithubGists.app */;
			productType = "com.apple.product-type.application";
		};
/* End PBXNativeTarget section */

/* Begin PBXProject section */
		A1FC432F1FD18660004E9AF0 /* Project object */ = {
			isa = PBXProject;
			attributes = {
				LastSwiftUpdateCheck = 0910;
				LastUpgradeCheck = 0910;
				ORGANIZATIONNAME = "Vinicius Romani";
				TargetAttributes = {
					A18481C81FD46B4A009308E9 = {
						CreatedOnToolsVersion = 9.1;
						ProvisioningStyle = Automatic;
						TestTargetID = A1FC43361FD18660004E9AF0;
					};
					A1FC43361FD18660004E9AF0 = {
						CreatedOnToolsVersion = 9.1;
						ProvisioningStyle = Automatic;
					};
				};
			};
			buildConfigurationList = A1FC43321FD18660004E9AF0 /* Build configuration list for PBXProject "GithubGists" */;
			compatibilityVersion = "Xcode 8.0";
			developmentRegion = en;
			hasScannedForEncodings = 0;
			knownRegions = (
				en,
				Base,
			);
			mainGroup = A1FC432E1FD18660004E9AF0;
			productRefGroup = A1FC43381FD18660004E9AF0 /* Products */;
			projectDirPath = "";
			projectRoot = "";
			targets = (
				A1FC43361FD18660004E9AF0 /* GithubGists */,
				A18481C81FD46B4A009308E9 /* GithubGistsTests */,
			);
		};
/* End PBXProject section */

/* Begin PBXResourcesBuildPhase section */
		A18481C71FD46B4A009308E9 /* Resources */ = {
			isa = PBXResourcesBuildPhase;
			buildActionMask = 2147483647;
			files = (
				A1370FD71FEC1DA600F7CCDC /* withid_withoutatt.json in Resources */,
				A1370FDF1FEC244600F7CCDC /* withwrongfilename_withatt.json in Resources */,
				A1D063851FEA9F7500B9835F /* user_entity.json in Resources */,
				A1370FDE1FEC244600F7CCDC /* withfilename_withoutatt.json in Resources */,
				A1370FDD1FEC244600F7CCDC /* file_entity.json in Resources */,
				A1E113841FED7FF300F47740 /* withid_withfile_withoutowner.json in Resources */,
				A1370FE01FEC244600F7CCDC /* withoutfilename_withatt.json in Resources */,
				A1370FE21FEC3BBC00F7CCDC /* gist_entity.json in Resources */,
				A1370FD81FEC1DA600F7CCDC /* withwrongid_withatt.json in Resources */,
				A1E113861FED7FF300F47740 /* withid_withfile_withinvaliddate.json in Resources */,
				A1E113851FED7FF300F47740 /* withid_withoutfile_withowner.json in Resources */,
				A1370FD61FEC1DA600F7CCDC /* withoutid_withatt.json in Resources */,
				A1E113871FED7FF300F47740 /* withid_withfiles_withowner.json in Resources */,
				A1E113831FED7FF300F47740 /* withoutid_withatt.json in Resources */,
			);
			runOnlyForDeploymentPostprocessing = 0;
		};
		A1FC43351FD18660004E9AF0 /* Resources */ = {
			isa = PBXResourcesBuildPhase;
			buildActionMask = 2147483647;
			files = (
				A10CEFD91FE8108700D65E57 /* Main.storyboard in Resources */,
				A1FC43451FD18660004E9AF0 /* LaunchScreen.storyboard in Resources */,
				A1FC43421FD18660004E9AF0 /* Assets.xcassets in Resources */,
			);
			runOnlyForDeploymentPostprocessing = 0;
		};
/* End PBXResourcesBuildPhase section */

/* Begin PBXShellScriptBuildPhase section */
		27086670A2F144411A78D21A /* [CP] Check Pods Manifest.lock */ = {
			isa = PBXShellScriptBuildPhase;
			buildActionMask = 2147483647;
			files = (
			);
			inputPaths = (
				"${PODS_PODFILE_DIR_PATH}/Podfile.lock",
				"${PODS_ROOT}/Manifest.lock",
			);
			name = "[CP] Check Pods Manifest.lock";
			outputPaths = (
				"$(DERIVED_FILE_DIR)/Pods-GithubGists-checkManifestLockResult.txt",
			);
			runOnlyForDeploymentPostprocessing = 0;
			shellPath = /bin/sh;
			shellScript = "diff \"${PODS_PODFILE_DIR_PATH}/Podfile.lock\" \"${PODS_ROOT}/Manifest.lock\" > /dev/null\nif [ $? != 0 ] ; then\n    # print error to STDERR\n    echo \"error: The sandbox is not in sync with the Podfile.lock. Run 'pod install' or update your CocoaPods installation.\" >&2\n    exit 1\nfi\n# This output is used by Xcode 'outputs' to avoid re-running this script phase.\necho \"SUCCESS\" > \"${SCRIPT_OUTPUT_FILE_0}\"\n";
			showEnvVarsInLog = 0;
		};
		38569402C353A23EAEF8F502 /* [CP] Check Pods Manifest.lock */ = {
			isa = PBXShellScriptBuildPhase;
			buildActionMask = 2147483647;
			files = (
			);
			inputPaths = (
				"${PODS_PODFILE_DIR_PATH}/Podfile.lock",
				"${PODS_ROOT}/Manifest.lock",
			);
			name = "[CP] Check Pods Manifest.lock";
			outputPaths = (
				"$(DERIVED_FILE_DIR)/Pods-GithubGistsTests-checkManifestLockResult.txt",
			);
			runOnlyForDeploymentPostprocessing = 0;
			shellPath = /bin/sh;
			shellScript = "diff \"${PODS_PODFILE_DIR_PATH}/Podfile.lock\" \"${PODS_ROOT}/Manifest.lock\" > /dev/null\nif [ $? != 0 ] ; then\n    # print error to STDERR\n    echo \"error: The sandbox is not in sync with the Podfile.lock. Run 'pod install' or update your CocoaPods installation.\" >&2\n    exit 1\nfi\n# This output is used by Xcode 'outputs' to avoid re-running this script phase.\necho \"SUCCESS\" > \"${SCRIPT_OUTPUT_FILE_0}\"\n";
			showEnvVarsInLog = 0;
		};
		9C356040013F5FD2B4FFAD59 /* [CP] Copy Pods Resources */ = {
			isa = PBXShellScriptBuildPhase;
			buildActionMask = 2147483647;
			files = (
			);
			inputPaths = (
			);
			name = "[CP] Copy Pods Resources";
			outputPaths = (
			);
			runOnlyForDeploymentPostprocessing = 0;
			shellPath = /bin/sh;
			shellScript = "\"${SRCROOT}/Pods/Target Support Files/Pods-GithubGists/Pods-GithubGists-resources.sh\"\n";
			showEnvVarsInLog = 0;
		};
		B54D0D0F153BAC6A08F66FF6 /* [CP] Copy Pods Resources */ = {
			isa = PBXShellScriptBuildPhase;
			buildActionMask = 2147483647;
			files = (
			);
			inputPaths = (
			);
			name = "[CP] Copy Pods Resources";
			outputPaths = (
			);
			runOnlyForDeploymentPostprocessing = 0;
			shellPath = /bin/sh;
			shellScript = "\"${SRCROOT}/Pods/Target Support Files/Pods-GithubGistsTests/Pods-GithubGistsTests-resources.sh\"\n";
			showEnvVarsInLog = 0;
		};
		C709AE92FA63AF9D2DB974AC /* [CP] Embed Pods Frameworks */ = {
			isa = PBXShellScriptBuildPhase;
			buildActionMask = 2147483647;
			files = (
			);
			inputPaths = (
				"${SRCROOT}/Pods/Target Support Files/Pods-GithubGistsTests/Pods-GithubGistsTests-frameworks.sh",
				"${BUILT_PRODUCTS_DIR}/Alamofire/Alamofire.framework",
				"${BUILT_PRODUCTS_DIR}/Kingfisher/Kingfisher.framework",
				"${BUILT_PRODUCTS_DIR}/Moya/Moya.framework",
				"${BUILT_PRODUCTS_DIR}/Result/Result.framework",
				"${BUILT_PRODUCTS_DIR}/RxSwift/RxSwift.framework",
				"${BUILT_PRODUCTS_DIR}/SnapKit/SnapKit.framework",
			);
			name = "[CP] Embed Pods Frameworks";
			outputPaths = (
				"${TARGET_BUILD_DIR}/${FRAMEWORKS_FOLDER_PATH}/Alamofire.framework",
				"${TARGET_BUILD_DIR}/${FRAMEWORKS_FOLDER_PATH}/Kingfisher.framework",
				"${TARGET_BUILD_DIR}/${FRAMEWORKS_FOLDER_PATH}/Moya.framework",
				"${TARGET_BUILD_DIR}/${FRAMEWORKS_FOLDER_PATH}/Result.framework",
				"${TARGET_BUILD_DIR}/${FRAMEWORKS_FOLDER_PATH}/RxSwift.framework",
				"${TARGET_BUILD_DIR}/${FRAMEWORKS_FOLDER_PATH}/SnapKit.framework",
			);
			runOnlyForDeploymentPostprocessing = 0;
			shellPath = /bin/sh;
			shellScript = "\"${SRCROOT}/Pods/Target Support Files/Pods-GithubGistsTests/Pods-GithubGistsTests-frameworks.sh\"\n";
			showEnvVarsInLog = 0;
		};
		C8ECB635705B9EFB8A2F2339 /* [CP] Embed Pods Frameworks */ = {
			isa = PBXShellScriptBuildPhase;
			buildActionMask = 2147483647;
			files = (
			);
			inputPaths = (
				"${SRCROOT}/Pods/Target Support Files/Pods-GithubGists/Pods-GithubGists-frameworks.sh",
				"${BUILT_PRODUCTS_DIR}/Alamofire/Alamofire.framework",
				"${BUILT_PRODUCTS_DIR}/Kingfisher/Kingfisher.framework",
				"${BUILT_PRODUCTS_DIR}/Moya/Moya.framework",
				"${BUILT_PRODUCTS_DIR}/Result/Result.framework",
				"${BUILT_PRODUCTS_DIR}/RxSwift/RxSwift.framework",
				"${BUILT_PRODUCTS_DIR}/SnapKit/SnapKit.framework",
			);
			name = "[CP] Embed Pods Frameworks";
			outputPaths = (
				"${TARGET_BUILD_DIR}/${FRAMEWORKS_FOLDER_PATH}/Alamofire.framework",
				"${TARGET_BUILD_DIR}/${FRAMEWORKS_FOLDER_PATH}/Kingfisher.framework",
				"${TARGET_BUILD_DIR}/${FRAMEWORKS_FOLDER_PATH}/Moya.framework",
				"${TARGET_BUILD_DIR}/${FRAMEWORKS_FOLDER_PATH}/Result.framework",
				"${TARGET_BUILD_DIR}/${FRAMEWORKS_FOLDER_PATH}/RxSwift.framework",
				"${TARGET_BUILD_DIR}/${FRAMEWORKS_FOLDER_PATH}/SnapKit.framework",
			);
			runOnlyForDeploymentPostprocessing = 0;
			shellPath = /bin/sh;
			shellScript = "\"${SRCROOT}/Pods/Target Support Files/Pods-GithubGists/Pods-GithubGists-frameworks.sh\"\n";
			showEnvVarsInLog = 0;
		};
/* End PBXShellScriptBuildPhase section */

/* Begin PBXSourcesBuildPhase section */
		A18481C51FD46B4A009308E9 /* Sources */ = {
			isa = PBXSourcesBuildPhase;
			buildActionMask = 2147483647;
			files = (
				A119BB861FF2B55F001A8C10 /* UserMapperTest.swift in Sources */,
				A1F931531FF405E100FCDDAB /* GithubGist.swift in Sources */,
				A16A063E1FEAE4990083A55A /* JSONError.swift in Sources */,
				A1628D0D1FF2BF4B00656B5A /* FileMapperTest.swift in Sources */,
				A10CEFD71FE7F96B00D65E57 /* GistEntity.swift in Sources */,
				A10CEFD51FE7F33B00D65E57 /* FileEntityTest.swift in Sources */,
				A1F9316C1FF42D1D00FCDDAB /* GenericMappableEntity.swift in Sources */,
				A16A063D1FEAE4960083A55A /* HTTPError.swift in Sources */,
				A1F9315E1FF4082500FCDDAB /* GistRestDataSource.swift in Sources */,
				A10CEFD61FE7F96800D65E57 /* FileEntity.swift in Sources */,
				A1F6D5DB1FE3192300D3E6C5 /* UserEntityTest.swift in Sources */,
				A1EE545A1FE99A2D000C87B1 /* Gist.swift in Sources */,
				A15C8C1B1FEAC97100B5C719 /* TestableEntity.swift in Sources */,
				A1E1137D1FED7B1700F47740 /* MappableModelProtocol.swift in Sources */,
				A10CEFDB1FE81F5400D65E57 /* GistEntityTest.swift in Sources */,
				A1F6D5DC1FE31B2A00D3E6C5 /* UserEntity.swift in Sources */,
				A1F931621FF40B3A00FCDDAB /* ObservableType+Error.swift in Sources */,
				A1E113771FED712500F47740 /* Gist+Mapper.swift in Sources */,
				A1628D0F1FF2CAF000656B5A /* GistMapperTest.swift in Sources */,
				A1EE545D1FE99A36000C87B1 /* File.swift in Sources */,
				A1EE54601FE99A44000C87B1 /* User.swift in Sources */,
				A1370FE51FEC3E7600F7CCDC /* User+Mapper.swift in Sources */,
				A119BB821FF2A513001A8C10 /* File+Mapper.swift in Sources */,
				A1F931581FF4077700FCDDAB /* GistDataSource.swift in Sources */,
			);
			runOnlyForDeploymentPostprocessing = 0;
		};
		A1FC43331FD18660004E9AF0 /* Sources */ = {
			isa = PBXSourcesBuildPhase;
			buildActionMask = 2147483647;
			files = (
				A1FC433B1FD18660004E9AF0 /* AppDelegate.swift in Sources */,
				A1F6D5D71FE2E1BB00D3E6C5 /* UserEntity.swift in Sources */,
				A1F931571FF4077700FCDDAB /* GistDataSource.swift in Sources */,
				A1F9315D1FF4082500FCDDAB /* GistRestDataSource.swift in Sources */,
				A16A063A1FEADB4E0083A55A /* HTTPError.swift in Sources */,
				A1F6D5D41FE2E1AD00D3E6C5 /* FileEntity.swift in Sources */,
				A1E113761FED712500F47740 /* Gist+Mapper.swift in Sources */,
				A1EE545F1FE99A44000C87B1 /* User.swift in Sources */,
				A1E1137C1FED7B1700F47740 /* MappableModelProtocol.swift in Sources */,
				A1EE545C1FE99A36000C87B1 /* File.swift in Sources */,
				A16A063C1FEADBF10083A55A /* JSONError.swift in Sources */,
				A1F6D5D21FE2E19C00D3E6C5 /* GistEntity.swift in Sources */,
				A1F931611FF40B3A00FCDDAB /* ObservableType+Error.swift in Sources */,
				A1F9316B1FF42D1D00FCDDAB /* GenericMappableEntity.swift in Sources */,
				A1EE54591FE99A2D000C87B1 /* Gist.swift in Sources */,
				A1E1136F1FED708B00F47740 /* File+Mapper.swift in Sources */,
				A1370FE41FEC3E7600F7CCDC /* User+Mapper.swift in Sources */,
				A1F931521FF405E100FCDDAB /* GithubGist.swift in Sources */,
			);
			runOnlyForDeploymentPostprocessing = 0;
		};
/* End PBXSourcesBuildPhase section */

/* Begin PBXTargetDependency section */
		A18481CF1FD46B4A009308E9 /* PBXTargetDependency */ = {
			isa = PBXTargetDependency;
			target = A1FC43361FD18660004E9AF0 /* GithubGists */;
			targetProxy = A18481CE1FD46B4A009308E9 /* PBXContainerItemProxy */;
		};
/* End PBXTargetDependency section */

/* Begin PBXVariantGroup section */
		A1FC43431FD18660004E9AF0 /* LaunchScreen.storyboard */ = {
			isa = PBXVariantGroup;
			children = (
				A1FC43441FD18660004E9AF0 /* Base */,
			);
			name = LaunchScreen.storyboard;
			sourceTree = "<group>";
		};
/* End PBXVariantGroup section */

/* Begin XCBuildConfiguration section */
		A18481D11FD46B4A009308E9 /* Debug */ = {
			isa = XCBuildConfiguration;
			baseConfigurationReference = 8C4E24D8217355671A7FA86D /* Pods-GithubGistsTests.debug.xcconfig */;
			buildSettings = {
				BUNDLE_LOADER = "$(TEST_HOST)";
				CODE_SIGN_STYLE = Automatic;
				DEVELOPMENT_TEAM = GH9XV2DUZP;
				INFOPLIST_FILE = GithubGistsTests/Info.plist;
				LD_RUNPATH_SEARCH_PATHS = "$(inherited) @executable_path/Frameworks @loader_path/Frameworks";
				PRODUCT_BUNDLE_IDENTIFIER = com.vinicius.GithubGistsTests;
				PRODUCT_NAME = "$(TARGET_NAME)";
				SWIFT_VERSION = 4.0;
				TARGETED_DEVICE_FAMILY = "1,2";
				TEST_HOST = "$(BUILT_PRODUCTS_DIR)/GithubGists.app/GithubGists";
			};
			name = Debug;
		};
		A18481D21FD46B4A009308E9 /* Release */ = {
			isa = XCBuildConfiguration;
			baseConfigurationReference = 8BC9DCF0ED4FC52BD9A59B2B /* Pods-GithubGistsTests.release.xcconfig */;
			buildSettings = {
				BUNDLE_LOADER = "$(TEST_HOST)";
				CODE_SIGN_STYLE = Automatic;
				DEVELOPMENT_TEAM = GH9XV2DUZP;
				INFOPLIST_FILE = GithubGistsTests/Info.plist;
				LD_RUNPATH_SEARCH_PATHS = "$(inherited) @executable_path/Frameworks @loader_path/Frameworks";
				PRODUCT_BUNDLE_IDENTIFIER = com.vinicius.GithubGistsTests;
				PRODUCT_NAME = "$(TARGET_NAME)";
				SWIFT_VERSION = 4.0;
				TARGETED_DEVICE_FAMILY = "1,2";
				TEST_HOST = "$(BUILT_PRODUCTS_DIR)/GithubGists.app/GithubGists";
			};
			name = Release;
		};
		A1FC43471FD18660004E9AF0 /* Debug */ = {
			isa = XCBuildConfiguration;
			buildSettings = {
				ALWAYS_SEARCH_USER_PATHS = NO;
				CLANG_ANALYZER_NONNULL = YES;
				CLANG_ANALYZER_NUMBER_OBJECT_CONVERSION = YES_AGGRESSIVE;
				CLANG_CXX_LANGUAGE_STANDARD = "gnu++14";
				CLANG_CXX_LIBRARY = "libc++";
				CLANG_ENABLE_MODULES = YES;
				CLANG_ENABLE_OBJC_ARC = YES;
				CLANG_WARN_BLOCK_CAPTURE_AUTORELEASING = YES;
				CLANG_WARN_BOOL_CONVERSION = YES;
				CLANG_WARN_COMMA = YES;
				CLANG_WARN_CONSTANT_CONVERSION = YES;
				CLANG_WARN_DIRECT_OBJC_ISA_USAGE = YES_ERROR;
				CLANG_WARN_DOCUMENTATION_COMMENTS = YES;
				CLANG_WARN_EMPTY_BODY = YES;
				CLANG_WARN_ENUM_CONVERSION = YES;
				CLANG_WARN_INFINITE_RECURSION = YES;
				CLANG_WARN_INT_CONVERSION = YES;
				CLANG_WARN_NON_LITERAL_NULL_CONVERSION = YES;
				CLANG_WARN_OBJC_LITERAL_CONVERSION = YES;
				CLANG_WARN_OBJC_ROOT_CLASS = YES_ERROR;
				CLANG_WARN_RANGE_LOOP_ANALYSIS = YES;
				CLANG_WARN_STRICT_PROTOTYPES = YES;
				CLANG_WARN_SUSPICIOUS_MOVE = YES;
				CLANG_WARN_UNGUARDED_AVAILABILITY = YES_AGGRESSIVE;
				CLANG_WARN_UNREACHABLE_CODE = YES;
				CLANG_WARN__DUPLICATE_METHOD_MATCH = YES;
				CODE_SIGN_IDENTITY = "iPhone Developer";
				COPY_PHASE_STRIP = NO;
				DEBUG_INFORMATION_FORMAT = dwarf;
				ENABLE_STRICT_OBJC_MSGSEND = YES;
				ENABLE_TESTABILITY = YES;
				GCC_C_LANGUAGE_STANDARD = gnu11;
				GCC_DYNAMIC_NO_PIC = NO;
				GCC_NO_COMMON_BLOCKS = YES;
				GCC_OPTIMIZATION_LEVEL = 0;
				GCC_PREPROCESSOR_DEFINITIONS = (
					"DEBUG=1",
					"$(inherited)",
				);
				GCC_WARN_64_TO_32_BIT_CONVERSION = YES;
				GCC_WARN_ABOUT_RETURN_TYPE = YES_ERROR;
				GCC_WARN_UNDECLARED_SELECTOR = YES;
				GCC_WARN_UNINITIALIZED_AUTOS = YES_AGGRESSIVE;
				GCC_WARN_UNUSED_FUNCTION = YES;
				GCC_WARN_UNUSED_VARIABLE = YES;
				IPHONEOS_DEPLOYMENT_TARGET = 11.1;
				MTL_ENABLE_DEBUG_INFO = YES;
				ONLY_ACTIVE_ARCH = YES;
				SDKROOT = iphoneos;
				SWIFT_ACTIVE_COMPILATION_CONDITIONS = DEBUG;
				SWIFT_OPTIMIZATION_LEVEL = "-Onone";
			};
			name = Debug;
		};
		A1FC43481FD18660004E9AF0 /* Release */ = {
			isa = XCBuildConfiguration;
			buildSettings = {
				ALWAYS_SEARCH_USER_PATHS = NO;
				CLANG_ANALYZER_NONNULL = YES;
				CLANG_ANALYZER_NUMBER_OBJECT_CONVERSION = YES_AGGRESSIVE;
				CLANG_CXX_LANGUAGE_STANDARD = "gnu++14";
				CLANG_CXX_LIBRARY = "libc++";
				CLANG_ENABLE_MODULES = YES;
				CLANG_ENABLE_OBJC_ARC = YES;
				CLANG_WARN_BLOCK_CAPTURE_AUTORELEASING = YES;
				CLANG_WARN_BOOL_CONVERSION = YES;
				CLANG_WARN_COMMA = YES;
				CLANG_WARN_CONSTANT_CONVERSION = YES;
				CLANG_WARN_DIRECT_OBJC_ISA_USAGE = YES_ERROR;
				CLANG_WARN_DOCUMENTATION_COMMENTS = YES;
				CLANG_WARN_EMPTY_BODY = YES;
				CLANG_WARN_ENUM_CONVERSION = YES;
				CLANG_WARN_INFINITE_RECURSION = YES;
				CLANG_WARN_INT_CONVERSION = YES;
				CLANG_WARN_NON_LITERAL_NULL_CONVERSION = YES;
				CLANG_WARN_OBJC_LITERAL_CONVERSION = YES;
				CLANG_WARN_OBJC_ROOT_CLASS = YES_ERROR;
				CLANG_WARN_RANGE_LOOP_ANALYSIS = YES;
				CLANG_WARN_STRICT_PROTOTYPES = YES;
				CLANG_WARN_SUSPICIOUS_MOVE = YES;
				CLANG_WARN_UNGUARDED_AVAILABILITY = YES_AGGRESSIVE;
				CLANG_WARN_UNREACHABLE_CODE = YES;
				CLANG_WARN__DUPLICATE_METHOD_MATCH = YES;
				CODE_SIGN_IDENTITY = "iPhone Developer";
				COPY_PHASE_STRIP = NO;
				DEBUG_INFORMATION_FORMAT = "dwarf-with-dsym";
				ENABLE_NS_ASSERTIONS = NO;
				ENABLE_STRICT_OBJC_MSGSEND = YES;
				GCC_C_LANGUAGE_STANDARD = gnu11;
				GCC_NO_COMMON_BLOCKS = YES;
				GCC_WARN_64_TO_32_BIT_CONVERSION = YES;
				GCC_WARN_ABOUT_RETURN_TYPE = YES_ERROR;
				GCC_WARN_UNDECLARED_SELECTOR = YES;
				GCC_WARN_UNINITIALIZED_AUTOS = YES_AGGRESSIVE;
				GCC_WARN_UNUSED_FUNCTION = YES;
				GCC_WARN_UNUSED_VARIABLE = YES;
				IPHONEOS_DEPLOYMENT_TARGET = 11.1;
				MTL_ENABLE_DEBUG_INFO = NO;
				SDKROOT = iphoneos;
				SWIFT_OPTIMIZATION_LEVEL = "-Owholemodule";
				VALIDATE_PRODUCT = YES;
			};
			name = Release;
		};
		A1FC434A1FD18660004E9AF0 /* Debug */ = {
			isa = XCBuildConfiguration;
			baseConfigurationReference = 17BFE1660E41203F71521219 /* Pods-GithubGists.debug.xcconfig */;
			buildSettings = {
				ASSETCATALOG_COMPILER_APPICON_NAME = AppIcon;
				CODE_SIGN_STYLE = Automatic;
				DEVELOPMENT_TEAM = GH9XV2DUZP;
				INFOPLIST_FILE = "GithubGists/Support Files/Info.plist";
				LD_RUNPATH_SEARCH_PATHS = "$(inherited) @executable_path/Frameworks";
				PRODUCT_BUNDLE_IDENTIFIER = com.vinicius.GithubGists;
				PRODUCT_NAME = "$(TARGET_NAME)";
				SWIFT_VERSION = 4.0;
				TARGETED_DEVICE_FAMILY = "1,2";
			};
			name = Debug;
		};
		A1FC434B1FD18660004E9AF0 /* Release */ = {
			isa = XCBuildConfiguration;
			baseConfigurationReference = C4D86EA90AA3871AE877241C /* Pods-GithubGists.release.xcconfig */;
			buildSettings = {
				ASSETCATALOG_COMPILER_APPICON_NAME = AppIcon;
				CODE_SIGN_STYLE = Automatic;
				DEVELOPMENT_TEAM = GH9XV2DUZP;
				INFOPLIST_FILE = "GithubGists/Support Files/Info.plist";
				LD_RUNPATH_SEARCH_PATHS = "$(inherited) @executable_path/Frameworks";
				PRODUCT_BUNDLE_IDENTIFIER = com.vinicius.GithubGists;
				PRODUCT_NAME = "$(TARGET_NAME)";
				SWIFT_VERSION = 4.0;
				TARGETED_DEVICE_FAMILY = "1,2";
			};
			name = Release;
		};
/* End XCBuildConfiguration section */

/* Begin XCConfigurationList section */
		A18481D01FD46B4A009308E9 /* Build configuration list for PBXNativeTarget "GithubGistsTests" */ = {
			isa = XCConfigurationList;
			buildConfigurations = (
				A18481D11FD46B4A009308E9 /* Debug */,
				A18481D21FD46B4A009308E9 /* Release */,
			);
			defaultConfigurationIsVisible = 0;
			defaultConfigurationName = Release;
		};
		A1FC43321FD18660004E9AF0 /* Build configuration list for PBXProject "GithubGists" */ = {
			isa = XCConfigurationList;
			buildConfigurations = (
				A1FC43471FD18660004E9AF0 /* Debug */,
				A1FC43481FD18660004E9AF0 /* Release */,
			);
			defaultConfigurationIsVisible = 0;
			defaultConfigurationName = Release;
		};
		A1FC43491FD18660004E9AF0 /* Build configuration list for PBXNativeTarget "GithubGists" */ = {
			isa = XCConfigurationList;
			buildConfigurations = (
				A1FC434A1FD18660004E9AF0 /* Debug */,
				A1FC434B1FD18660004E9AF0 /* Release */,
			);
			defaultConfigurationIsVisible = 0;
			defaultConfigurationName = Release;
		};
/* End XCConfigurationList section */
	};
	rootObject = A1FC432F1FD18660004E9AF0 /* Project object */;
}
