// !$*UTF8*$!
{
	archiveVersion = 1;
	classes = {
	};
	objectVersion = 48;
	objects = {

/* Begin PBXBuildFile section */
		4773DC9383317699C115E36C /* Pods_GithubGists.framework in Frameworks */ = {isa = PBXBuildFile; fileRef = 77CFDB6941313E2E30782EF2 /* Pods_GithubGists.framework */; };
		615800B34C970DCFCD5910D3 /* Pods_GithubGistsTests.framework in Frameworks */ = {isa = PBXBuildFile; fileRef = C300879C4C3DCE9BEA4FC0D7 /* Pods_GithubGistsTests.framework */; };
		A18481BF1FD457E8009308E9 /* GistDetailTableView.swift in Sources */ = {isa = PBXBuildFile; fileRef = A18481BE1FD457E8009308E9 /* GistDetailTableView.swift */; };
		A18481C11FD457FA009308E9 /* SingleInformationTableViewCell.xib in Resources */ = {isa = PBXBuildFile; fileRef = A18481C01FD457FA009308E9 /* SingleInformationTableViewCell.xib */; };
		A18481C31FD4580A009308E9 /* SingleInformationTableViewCell.swift in Sources */ = {isa = PBXBuildFile; fileRef = A18481C21FD4580A009308E9 /* SingleInformationTableViewCell.swift */; };
		A18D8BE41FD470C400FDE0FB /* GistWorker.swift in Sources */ = {isa = PBXBuildFile; fileRef = A1FC43871FD189C1004E9AF0 /* GistWorker.swift */; };
		A18D8BE51FD470C700FDE0FB /* GistRestStore.swift in Sources */ = {isa = PBXBuildFile; fileRef = A1FC43841FD189AD004E9AF0 /* GistRestStore.swift */; };
		A18D8BE61FD470CB00FDE0FB /* WebServiceHelper.swift in Sources */ = {isa = PBXBuildFile; fileRef = A1FC43811FD1899D004E9AF0 /* WebServiceHelper.swift */; };
		A18D8BE71FD471F200FDE0FB /* Gist.swift in Sources */ = {isa = PBXBuildFile; fileRef = A1FC43581FD188F8004E9AF0 /* Gist.swift */; };
		A18D8BE81FD471F500FDE0FB /* File.swift in Sources */ = {isa = PBXBuildFile; fileRef = A1FC43571FD188F8004E9AF0 /* File.swift */; };
		A18D8BE91FD471F800FDE0FB /* User.swift in Sources */ = {isa = PBXBuildFile; fileRef = A1FC43591FD188F8004E9AF0 /* User.swift */; };
		A18D8BEA1FD4721300FDE0FB /* Url.swift in Sources */ = {isa = PBXBuildFile; fileRef = A1FC43501FD188C9004E9AF0 /* Url.swift */; };
		A18D8BEC1FD472AB00FDE0FB /* PresenterTest.swift in Sources */ = {isa = PBXBuildFile; fileRef = A18D8BEB1FD472AB00FDE0FB /* PresenterTest.swift */; };
		A18D8BED1FD472D700FDE0FB /* ListPublicGistPresenter.swift in Sources */ = {isa = PBXBuildFile; fileRef = A1FC43631FD1893F004E9AF0 /* ListPublicGistPresenter.swift */; };
		A18D8BEE1FD472F100FDE0FB /* GistCollectionViewCell.swift in Sources */ = {isa = PBXBuildFile; fileRef = A1FC43711FD18961004E9AF0 /* GistCollectionViewCell.swift */; };
		A18D8BEF1FD472F900FDE0FB /* ListPublicGistModels.swift in Sources */ = {isa = PBXBuildFile; fileRef = A1FC43671FD18940004E9AF0 /* ListPublicGistModels.swift */; };
		A18D8BF01FD4735A00FDE0FB /* GistDetailPresenter.swift in Sources */ = {isa = PBXBuildFile; fileRef = A1FC43781FD18974004E9AF0 /* GistDetailPresenter.swift */; };
		A18D8BF11FD4735D00FDE0FB /* GistDetailModels.swift in Sources */ = {isa = PBXBuildFile; fileRef = A1FC43791FD18974004E9AF0 /* GistDetailModels.swift */; };
		A18D8BF21FD4736300FDE0FB /* SingleInformationTableViewCell.swift in Sources */ = {isa = PBXBuildFile; fileRef = A18481C21FD4580A009308E9 /* SingleInformationTableViewCell.swift */; };
		A18D8BF41FD478DE00FDE0FB /* ServiceTest.swift in Sources */ = {isa = PBXBuildFile; fileRef = A18D8BF31FD478DE00FDE0FB /* ServiceTest.swift */; };
		A18D8BF51FD47AFF00FDE0FB /* AlertBuilder.swift in Sources */ = {isa = PBXBuildFile; fileRef = A1FC43971FD1E0C7004E9AF0 /* AlertBuilder.swift */; };
		A18D8BF61FD47B0500FDE0FB /* UIImageView+Kingfisher.swift in Sources */ = {isa = PBXBuildFile; fileRef = A1FC438E1FD1C0DD004E9AF0 /* UIImageView+Kingfisher.swift */; };
		A18D8BF91FD47CEE00FDE0FB /* GistDetailViewController.swift in Sources */ = {isa = PBXBuildFile; fileRef = A1FC43751FD18973004E9AF0 /* GistDetailViewController.swift */; };
		A18D8BFA1FD47CF300FDE0FB /* ListPublicGistViewController.swift in Sources */ = {isa = PBXBuildFile; fileRef = A1FC43621FD1893F004E9AF0 /* ListPublicGistViewController.swift */; };
		A18D8BFB1FD47D7600FDE0FB /* GistDetailTableView.swift in Sources */ = {isa = PBXBuildFile; fileRef = A18481BE1FD457E8009308E9 /* GistDetailTableView.swift */; };
		A18D8BFC1FD47D7A00FDE0FB /* GistsCollectionView.swift in Sources */ = {isa = PBXBuildFile; fileRef = A1FC436E1FD1894D004E9AF0 /* GistsCollectionView.swift */; };
		A18D8BFD1FD47DDA00FDE0FB /* BaseViewController.swift in Sources */ = {isa = PBXBuildFile; fileRef = A1FC439A1FD1EDEE004E9AF0 /* BaseViewController.swift */; };
		A18D8BFE1FD47E0900FDE0FB /* Constants.swift in Sources */ = {isa = PBXBuildFile; fileRef = A1FC434F1FD188C8004E9AF0 /* Constants.swift */; };
		A18D8BFF1FD47E1500FDE0FB /* ListPublicGistRouter.swift in Sources */ = {isa = PBXBuildFile; fileRef = A1FC43641FD1893F004E9AF0 /* ListPublicGistRouter.swift */; };
		A18D8C001FD47E1A00FDE0FB /* GistDetailRouter.swift in Sources */ = {isa = PBXBuildFile; fileRef = A1FC43741FD18973004E9AF0 /* GistDetailRouter.swift */; };
		A18D8C011FD47E3200FDE0FB /* GistDetailConfigurator.swift in Sources */ = {isa = PBXBuildFile; fileRef = A1FC43761FD18974004E9AF0 /* GistDetailConfigurator.swift */; };
		A18D8C021FD47E3800FDE0FB /* ListPublicGistConfigurator.swift in Sources */ = {isa = PBXBuildFile; fileRef = A1FC43651FD18940004E9AF0 /* ListPublicGistConfigurator.swift */; };
		A18D8C031FD47E4A00FDE0FB /* GistDetailInteractor.swift in Sources */ = {isa = PBXBuildFile; fileRef = A1FC43771FD18974004E9AF0 /* GistDetailInteractor.swift */; };
		A18D8C041FD47E4C00FDE0FB /* ListPublicGistInteractor.swift in Sources */ = {isa = PBXBuildFile; fileRef = A1FC43661FD18940004E9AF0 /* ListPublicGistInteractor.swift */; };
		A1FC433B1FD18660004E9AF0 /* AppDelegate.swift in Sources */ = {isa = PBXBuildFile; fileRef = A1FC433A1FD18660004E9AF0 /* AppDelegate.swift */; };
		A1FC43421FD18660004E9AF0 /* Assets.xcassets in Resources */ = {isa = PBXBuildFile; fileRef = A1FC43411FD18660004E9AF0 /* Assets.xcassets */; };
		A1FC43451FD18660004E9AF0 /* LaunchScreen.storyboard in Resources */ = {isa = PBXBuildFile; fileRef = A1FC43431FD18660004E9AF0 /* LaunchScreen.storyboard */; };
		A1FC43511FD188C9004E9AF0 /* Constants.swift in Sources */ = {isa = PBXBuildFile; fileRef = A1FC434F1FD188C8004E9AF0 /* Constants.swift */; };
		A1FC43521FD188C9004E9AF0 /* Url.swift in Sources */ = {isa = PBXBuildFile; fileRef = A1FC43501FD188C9004E9AF0 /* Url.swift */; };
		A1FC43551FD188E7004E9AF0 /* UIView+ExtraAttributes.swift in Sources */ = {isa = PBXBuildFile; fileRef = A1FC43541FD188E7004E9AF0 /* UIView+ExtraAttributes.swift */; };
		A1FC435A1FD188F8004E9AF0 /* File.swift in Sources */ = {isa = PBXBuildFile; fileRef = A1FC43571FD188F8004E9AF0 /* File.swift */; };
		A1FC435B1FD188F8004E9AF0 /* Gist.swift in Sources */ = {isa = PBXBuildFile; fileRef = A1FC43581FD188F8004E9AF0 /* Gist.swift */; };
		A1FC435C1FD188F8004E9AF0 /* User.swift in Sources */ = {isa = PBXBuildFile; fileRef = A1FC43591FD188F8004E9AF0 /* User.swift */; };
		A1FC43681FD18940004E9AF0 /* ListPublicGistViewController.swift in Sources */ = {isa = PBXBuildFile; fileRef = A1FC43621FD1893F004E9AF0 /* ListPublicGistViewController.swift */; };
		A1FC43691FD18940004E9AF0 /* ListPublicGistPresenter.swift in Sources */ = {isa = PBXBuildFile; fileRef = A1FC43631FD1893F004E9AF0 /* ListPublicGistPresenter.swift */; };
		A1FC436A1FD18940004E9AF0 /* ListPublicGistRouter.swift in Sources */ = {isa = PBXBuildFile; fileRef = A1FC43641FD1893F004E9AF0 /* ListPublicGistRouter.swift */; };
		A1FC436B1FD18940004E9AF0 /* ListPublicGistConfigurator.swift in Sources */ = {isa = PBXBuildFile; fileRef = A1FC43651FD18940004E9AF0 /* ListPublicGistConfigurator.swift */; };
		A1FC436C1FD18940004E9AF0 /* ListPublicGistInteractor.swift in Sources */ = {isa = PBXBuildFile; fileRef = A1FC43661FD18940004E9AF0 /* ListPublicGistInteractor.swift */; };
		A1FC436D1FD18940004E9AF0 /* ListPublicGistModels.swift in Sources */ = {isa = PBXBuildFile; fileRef = A1FC43671FD18940004E9AF0 /* ListPublicGistModels.swift */; };
		A1FC436F1FD1894D004E9AF0 /* GistsCollectionView.swift in Sources */ = {isa = PBXBuildFile; fileRef = A1FC436E1FD1894D004E9AF0 /* GistsCollectionView.swift */; };
		A1FC43721FD18961004E9AF0 /* GistCollectionViewCell.xib in Resources */ = {isa = PBXBuildFile; fileRef = A1FC43701FD18960004E9AF0 /* GistCollectionViewCell.xib */; };
		A1FC43731FD18961004E9AF0 /* GistCollectionViewCell.swift in Sources */ = {isa = PBXBuildFile; fileRef = A1FC43711FD18961004E9AF0 /* GistCollectionViewCell.swift */; };
		A1FC437A1FD18974004E9AF0 /* GistDetailRouter.swift in Sources */ = {isa = PBXBuildFile; fileRef = A1FC43741FD18973004E9AF0 /* GistDetailRouter.swift */; };
		A1FC437B1FD18974004E9AF0 /* GistDetailViewController.swift in Sources */ = {isa = PBXBuildFile; fileRef = A1FC43751FD18973004E9AF0 /* GistDetailViewController.swift */; };
		A1FC437C1FD18974004E9AF0 /* GistDetailConfigurator.swift in Sources */ = {isa = PBXBuildFile; fileRef = A1FC43761FD18974004E9AF0 /* GistDetailConfigurator.swift */; };
		A1FC437D1FD18974004E9AF0 /* GistDetailInteractor.swift in Sources */ = {isa = PBXBuildFile; fileRef = A1FC43771FD18974004E9AF0 /* GistDetailInteractor.swift */; };
		A1FC437E1FD18974004E9AF0 /* GistDetailPresenter.swift in Sources */ = {isa = PBXBuildFile; fileRef = A1FC43781FD18974004E9AF0 /* GistDetailPresenter.swift */; };
		A1FC437F1FD18974004E9AF0 /* GistDetailModels.swift in Sources */ = {isa = PBXBuildFile; fileRef = A1FC43791FD18974004E9AF0 /* GistDetailModels.swift */; };
		A1FC43821FD1899D004E9AF0 /* WebServiceHelper.swift in Sources */ = {isa = PBXBuildFile; fileRef = A1FC43811FD1899D004E9AF0 /* WebServiceHelper.swift */; };
		A1FC43851FD189AD004E9AF0 /* GistRestStore.swift in Sources */ = {isa = PBXBuildFile; fileRef = A1FC43841FD189AD004E9AF0 /* GistRestStore.swift */; };
		A1FC43881FD189C1004E9AF0 /* GistWorker.swift in Sources */ = {isa = PBXBuildFile; fileRef = A1FC43871FD189C1004E9AF0 /* GistWorker.swift */; };
		A1FC438A1FD189F6004E9AF0 /* Main.storyboard in Resources */ = {isa = PBXBuildFile; fileRef = A1FC43891FD189F6004E9AF0 /* Main.storyboard */; };
		A1FC438F1FD1C0DD004E9AF0 /* UIImageView+Kingfisher.swift in Sources */ = {isa = PBXBuildFile; fileRef = A1FC438E1FD1C0DD004E9AF0 /* UIImageView+Kingfisher.swift */; };
		A1FC43981FD1E0C7004E9AF0 /* AlertBuilder.swift in Sources */ = {isa = PBXBuildFile; fileRef = A1FC43971FD1E0C7004E9AF0 /* AlertBuilder.swift */; };
		A1FC439B1FD1EDEE004E9AF0 /* BaseViewController.swift in Sources */ = {isa = PBXBuildFile; fileRef = A1FC439A1FD1EDEE004E9AF0 /* BaseViewController.swift */; };
/* End PBXBuildFile section */

/* Begin PBXContainerItemProxy section */
		A18481CE1FD46B4A009308E9 /* PBXContainerItemProxy */ = {
			isa = PBXContainerItemProxy;
			containerPortal = A1FC432F1FD18660004E9AF0 /* Project object */;
			proxyType = 1;
			remoteGlobalIDString = A1FC43361FD18660004E9AF0;
			remoteInfo = GithubGists;
		};
/* End PBXContainerItemProxy section */

/* Begin PBXFileReference section */
		17BFE1660E41203F71521219 /* Pods-GithubGists.debug.xcconfig */ = {isa = PBXFileReference; includeInIndex = 1; lastKnownFileType = text.xcconfig; name = "Pods-GithubGists.debug.xcconfig"; path = "Pods/Target Support Files/Pods-GithubGists/Pods-GithubGists.debug.xcconfig"; sourceTree = "<group>"; };
		77CFDB6941313E2E30782EF2 /* Pods_GithubGists.framework */ = {isa = PBXFileReference; explicitFileType = wrapper.framework; includeInIndex = 0; path = Pods_GithubGists.framework; sourceTree = BUILT_PRODUCTS_DIR; };
		8BC9DCF0ED4FC52BD9A59B2B /* Pods-GithubGistsTests.release.xcconfig */ = {isa = PBXFileReference; includeInIndex = 1; lastKnownFileType = text.xcconfig; name = "Pods-GithubGistsTests.release.xcconfig"; path = "Pods/Target Support Files/Pods-GithubGistsTests/Pods-GithubGistsTests.release.xcconfig"; sourceTree = "<group>"; };
		8C4E24D8217355671A7FA86D /* Pods-GithubGistsTests.debug.xcconfig */ = {isa = PBXFileReference; includeInIndex = 1; lastKnownFileType = text.xcconfig; name = "Pods-GithubGistsTests.debug.xcconfig"; path = "Pods/Target Support Files/Pods-GithubGistsTests/Pods-GithubGistsTests.debug.xcconfig"; sourceTree = "<group>"; };
		A18481BE1FD457E8009308E9 /* GistDetailTableView.swift */ = {isa = PBXFileReference; lastKnownFileType = sourcecode.swift; path = GistDetailTableView.swift; sourceTree = "<group>"; };
		A18481C01FD457FA009308E9 /* SingleInformationTableViewCell.xib */ = {isa = PBXFileReference; lastKnownFileType = file.xib; path = SingleInformationTableViewCell.xib; sourceTree = "<group>"; };
		A18481C21FD4580A009308E9 /* SingleInformationTableViewCell.swift */ = {isa = PBXFileReference; lastKnownFileType = sourcecode.swift; path = SingleInformationTableViewCell.swift; sourceTree = "<group>"; };
		A18481C91FD46B4A009308E9 /* GithubGistsTests.xctest */ = {isa = PBXFileReference; explicitFileType = wrapper.cfbundle; includeInIndex = 0; path = GithubGistsTests.xctest; sourceTree = BUILT_PRODUCTS_DIR; };
		A18481CD1FD46B4A009308E9 /* Info.plist */ = {isa = PBXFileReference; lastKnownFileType = text.plist.xml; path = Info.plist; sourceTree = "<group>"; };
		A18D8BEB1FD472AB00FDE0FB /* PresenterTest.swift */ = {isa = PBXFileReference; lastKnownFileType = sourcecode.swift; path = PresenterTest.swift; sourceTree = "<group>"; };
		A18D8BF31FD478DE00FDE0FB /* ServiceTest.swift */ = {isa = PBXFileReference; lastKnownFileType = sourcecode.swift; path = ServiceTest.swift; sourceTree = "<group>"; };
		A1FC43371FD18660004E9AF0 /* GithubGists.app */ = {isa = PBXFileReference; explicitFileType = wrapper.application; includeInIndex = 0; path = GithubGists.app; sourceTree = BUILT_PRODUCTS_DIR; };
		A1FC433A1FD18660004E9AF0 /* AppDelegate.swift */ = {isa = PBXFileReference; lastKnownFileType = sourcecode.swift; path = AppDelegate.swift; sourceTree = "<group>"; };
		A1FC43411FD18660004E9AF0 /* Assets.xcassets */ = {isa = PBXFileReference; lastKnownFileType = folder.assetcatalog; path = Assets.xcassets; sourceTree = "<group>"; };
		A1FC43441FD18660004E9AF0 /* Base */ = {isa = PBXFileReference; lastKnownFileType = file.storyboard; name = Base; path = Base.lproj/LaunchScreen.storyboard; sourceTree = "<group>"; };
		A1FC43461FD18660004E9AF0 /* Info.plist */ = {isa = PBXFileReference; lastKnownFileType = text.plist.xml; path = Info.plist; sourceTree = "<group>"; };
		A1FC434F1FD188C8004E9AF0 /* Constants.swift */ = {isa = PBXFileReference; fileEncoding = 4; lastKnownFileType = sourcecode.swift; path = Constants.swift; sourceTree = "<group>"; };
		A1FC43501FD188C9004E9AF0 /* Url.swift */ = {isa = PBXFileReference; fileEncoding = 4; lastKnownFileType = sourcecode.swift; path = Url.swift; sourceTree = "<group>"; };
		A1FC43541FD188E7004E9AF0 /* UIView+ExtraAttributes.swift */ = {isa = PBXFileReference; fileEncoding = 4; lastKnownFileType = sourcecode.swift; path = "UIView+ExtraAttributes.swift"; sourceTree = "<group>"; };
		A1FC43571FD188F8004E9AF0 /* File.swift */ = {isa = PBXFileReference; fileEncoding = 4; lastKnownFileType = sourcecode.swift; path = File.swift; sourceTree = "<group>"; };
		A1FC43581FD188F8004E9AF0 /* Gist.swift */ = {isa = PBXFileReference; fileEncoding = 4; lastKnownFileType = sourcecode.swift; path = Gist.swift; sourceTree = "<group>"; };
		A1FC43591FD188F8004E9AF0 /* User.swift */ = {isa = PBXFileReference; fileEncoding = 4; lastKnownFileType = sourcecode.swift; path = User.swift; sourceTree = "<group>"; };
		A1FC43621FD1893F004E9AF0 /* ListPublicGistViewController.swift */ = {isa = PBXFileReference; fileEncoding = 4; lastKnownFileType = sourcecode.swift; path = ListPublicGistViewController.swift; sourceTree = "<group>"; };
		A1FC43631FD1893F004E9AF0 /* ListPublicGistPresenter.swift */ = {isa = PBXFileReference; fileEncoding = 4; lastKnownFileType = sourcecode.swift; path = ListPublicGistPresenter.swift; sourceTree = "<group>"; };
		A1FC43641FD1893F004E9AF0 /* ListPublicGistRouter.swift */ = {isa = PBXFileReference; fileEncoding = 4; lastKnownFileType = sourcecode.swift; path = ListPublicGistRouter.swift; sourceTree = "<group>"; };
		A1FC43651FD18940004E9AF0 /* ListPublicGistConfigurator.swift */ = {isa = PBXFileReference; fileEncoding = 4; lastKnownFileType = sourcecode.swift; path = ListPublicGistConfigurator.swift; sourceTree = "<group>"; };
		A1FC43661FD18940004E9AF0 /* ListPublicGistInteractor.swift */ = {isa = PBXFileReference; fileEncoding = 4; lastKnownFileType = sourcecode.swift; path = ListPublicGistInteractor.swift; sourceTree = "<group>"; };
		A1FC43671FD18940004E9AF0 /* ListPublicGistModels.swift */ = {isa = PBXFileReference; fileEncoding = 4; lastKnownFileType = sourcecode.swift; path = ListPublicGistModels.swift; sourceTree = "<group>"; };
		A1FC436E1FD1894D004E9AF0 /* GistsCollectionView.swift */ = {isa = PBXFileReference; fileEncoding = 4; lastKnownFileType = sourcecode.swift; path = GistsCollectionView.swift; sourceTree = "<group>"; };
		A1FC43701FD18960004E9AF0 /* GistCollectionViewCell.xib */ = {isa = PBXFileReference; fileEncoding = 4; lastKnownFileType = file.xib; path = GistCollectionViewCell.xib; sourceTree = "<group>"; };
		A1FC43711FD18961004E9AF0 /* GistCollectionViewCell.swift */ = {isa = PBXFileReference; fileEncoding = 4; lastKnownFileType = sourcecode.swift; path = GistCollectionViewCell.swift; sourceTree = "<group>"; };
		A1FC43741FD18973004E9AF0 /* GistDetailRouter.swift */ = {isa = PBXFileReference; fileEncoding = 4; lastKnownFileType = sourcecode.swift; path = GistDetailRouter.swift; sourceTree = "<group>"; };
		A1FC43751FD18973004E9AF0 /* GistDetailViewController.swift */ = {isa = PBXFileReference; fileEncoding = 4; lastKnownFileType = sourcecode.swift; path = GistDetailViewController.swift; sourceTree = "<group>"; };
		A1FC43761FD18974004E9AF0 /* GistDetailConfigurator.swift */ = {isa = PBXFileReference; fileEncoding = 4; lastKnownFileType = sourcecode.swift; path = GistDetailConfigurator.swift; sourceTree = "<group>"; };
		A1FC43771FD18974004E9AF0 /* GistDetailInteractor.swift */ = {isa = PBXFileReference; fileEncoding = 4; lastKnownFileType = sourcecode.swift; path = GistDetailInteractor.swift; sourceTree = "<group>"; };
		A1FC43781FD18974004E9AF0 /* GistDetailPresenter.swift */ = {isa = PBXFileReference; fileEncoding = 4; lastKnownFileType = sourcecode.swift; path = GistDetailPresenter.swift; sourceTree = "<group>"; };
		A1FC43791FD18974004E9AF0 /* GistDetailModels.swift */ = {isa = PBXFileReference; fileEncoding = 4; lastKnownFileType = sourcecode.swift; path = GistDetailModels.swift; sourceTree = "<group>"; };
		A1FC43811FD1899D004E9AF0 /* WebServiceHelper.swift */ = {isa = PBXFileReference; fileEncoding = 4; lastKnownFileType = sourcecode.swift; path = WebServiceHelper.swift; sourceTree = "<group>"; };
		A1FC43841FD189AD004E9AF0 /* GistRestStore.swift */ = {isa = PBXFileReference; fileEncoding = 4; lastKnownFileType = sourcecode.swift; path = GistRestStore.swift; sourceTree = "<group>"; };
		A1FC43871FD189C1004E9AF0 /* GistWorker.swift */ = {isa = PBXFileReference; fileEncoding = 4; lastKnownFileType = sourcecode.swift; path = GistWorker.swift; sourceTree = "<group>"; };
		A1FC43891FD189F6004E9AF0 /* Main.storyboard */ = {isa = PBXFileReference; fileEncoding = 4; lastKnownFileType = file.storyboard; path = Main.storyboard; sourceTree = "<group>"; };
		A1FC438E1FD1C0DD004E9AF0 /* UIImageView+Kingfisher.swift */ = {isa = PBXFileReference; lastKnownFileType = sourcecode.swift; path = "UIImageView+Kingfisher.swift"; sourceTree = "<group>"; };
		A1FC43971FD1E0C7004E9AF0 /* AlertBuilder.swift */ = {isa = PBXFileReference; lastKnownFileType = sourcecode.swift; name = AlertBuilder.swift; path = ../Components/AlertBuilder.swift; sourceTree = "<group>"; };
		A1FC439A1FD1EDEE004E9AF0 /* BaseViewController.swift */ = {isa = PBXFileReference; lastKnownFileType = sourcecode.swift; path = BaseViewController.swift; sourceTree = "<group>"; };
		C300879C4C3DCE9BEA4FC0D7 /* Pods_GithubGistsTests.framework */ = {isa = PBXFileReference; explicitFileType = wrapper.framework; includeInIndex = 0; path = Pods_GithubGistsTests.framework; sourceTree = BUILT_PRODUCTS_DIR; };
		C4D86EA90AA3871AE877241C /* Pods-GithubGists.release.xcconfig */ = {isa = PBXFileReference; includeInIndex = 1; lastKnownFileType = text.xcconfig; name = "Pods-GithubGists.release.xcconfig"; path = "Pods/Target Support Files/Pods-GithubGists/Pods-GithubGists.release.xcconfig"; sourceTree = "<group>"; };
/* End PBXFileReference section */

/* Begin PBXFrameworksBuildPhase section */
		A18481C61FD46B4A009308E9 /* Frameworks */ = {
			isa = PBXFrameworksBuildPhase;
			buildActionMask = 2147483647;
			files = (
				615800B34C970DCFCD5910D3 /* Pods_GithubGistsTests.framework in Frameworks */,
			);
			runOnlyForDeploymentPostprocessing = 0;
		};
		A1FC43341FD18660004E9AF0 /* Frameworks */ = {
			isa = PBXFrameworksBuildPhase;
			buildActionMask = 2147483647;
			files = (
				4773DC9383317699C115E36C /* Pods_GithubGists.framework in Frameworks */,
			);
			runOnlyForDeploymentPostprocessing = 0;
		};
/* End PBXFrameworksBuildPhase section */

/* Begin PBXGroup section */
		A18481BC1FD457BA009308E9 /* TableView */ = {
			isa = PBXGroup;
			children = (
				A18481BE1FD457E8009308E9 /* GistDetailTableView.swift */,
			);
			path = TableView;
			sourceTree = "<group>";
		};
		A18481BD1FD457CB009308E9 /* SingleInformationTableViewCell */ = {
			isa = PBXGroup;
			children = (
				A18481C01FD457FA009308E9 /* SingleInformationTableViewCell.xib */,
				A18481C21FD4580A009308E9 /* SingleInformationTableViewCell.swift */,
			);
			path = SingleInformationTableViewCell;
			sourceTree = "<group>";
		};
		A18481CA1FD46B4A009308E9 /* GithubGistsTests */ = {
			isa = PBXGroup;
			children = (
				A18481CD1FD46B4A009308E9 /* Info.plist */,
				A18D8BEB1FD472AB00FDE0FB /* PresenterTest.swift */,
				A18D8BF31FD478DE00FDE0FB /* ServiceTest.swift */,
			);
			path = GithubGistsTests;
			sourceTree = "<group>";
		};
		A1FC432E1FD18660004E9AF0 = {
			isa = PBXGroup;
			children = (
				A1FC43391FD18660004E9AF0 /* GithubGists */,
				A18481CA1FD46B4A009308E9 /* GithubGistsTests */,
				A1FC43381FD18660004E9AF0 /* Products */,
				CC11A575C1A234C5106D440D /* Pods */,
				C2589A74A6A58963A266B29A /* Frameworks */,
			);
			sourceTree = "<group>";
		};
		A1FC43381FD18660004E9AF0 /* Products */ = {
			isa = PBXGroup;
			children = (
				A1FC43371FD18660004E9AF0 /* GithubGists.app */,
				A18481C91FD46B4A009308E9 /* GithubGistsTests.xctest */,
			);
			name = Products;
			sourceTree = "<group>";
		};
		A1FC43391FD18660004E9AF0 /* GithubGists */ = {
			isa = PBXGroup;
			children = (
				A1FC43961FD1E0AA004E9AF0 /* Components */,
				A1FC43861FD189B0004E9AF0 /* Workers */,
				A1FC43831FD189A0004E9AF0 /* Stores */,
				A1FC43801FD18985004E9AF0 /* Services */,
				A1FC435D1FD18902004E9AF0 /* Scenes */,
				A1FC43561FD188EA004E9AF0 /* Models */,
				A1FC43531FD188D3004E9AF0 /* Extensions */,
				A1FC434E1FD188B1004E9AF0 /* Configuration */,
				A1FC434C1FD187BA004E9AF0 /* Support Files */,
			);
			path = GithubGists;
			sourceTree = "<group>";
		};
		A1FC434C1FD187BA004E9AF0 /* Support Files */ = {
			isa = PBXGroup;
			children = (
				A1FC43461FD18660004E9AF0 /* Info.plist */,
				A1FC43411FD18660004E9AF0 /* Assets.xcassets */,
				A1FC43431FD18660004E9AF0 /* LaunchScreen.storyboard */,
				A1FC433A1FD18660004E9AF0 /* AppDelegate.swift */,
			);
			path = "Support Files";
			sourceTree = "<group>";
		};
		A1FC434E1FD188B1004E9AF0 /* Configuration */ = {
			isa = PBXGroup;
			children = (
				A1FC434F1FD188C8004E9AF0 /* Constants.swift */,
				A1FC43501FD188C9004E9AF0 /* Url.swift */,
			);
			path = Configuration;
			sourceTree = "<group>";
		};
		A1FC43531FD188D3004E9AF0 /* Extensions */ = {
			isa = PBXGroup;
			children = (
				A1FC43541FD188E7004E9AF0 /* UIView+ExtraAttributes.swift */,
				A1FC438E1FD1C0DD004E9AF0 /* UIImageView+Kingfisher.swift */,
			);
			path = Extensions;
			sourceTree = "<group>";
		};
		A1FC43561FD188EA004E9AF0 /* Models */ = {
			isa = PBXGroup;
			children = (
				A1FC43571FD188F8004E9AF0 /* File.swift */,
				A1FC43581FD188F8004E9AF0 /* Gist.swift */,
				A1FC43591FD188F8004E9AF0 /* User.swift */,
			);
			path = Models;
			sourceTree = "<group>";
		};
		A1FC435D1FD18902004E9AF0 /* Scenes */ = {
			isa = PBXGroup;
			children = (
				A1FC439A1FD1EDEE004E9AF0 /* BaseViewController.swift */,
				A1FC435E1FD18915004E9AF0 /* Main */,
				A1FC435F1FD18919004E9AF0 /* Detail */,
				A1FC43891FD189F6004E9AF0 /* Main.storyboard */,
			);
			path = Scenes;
			sourceTree = "<group>";
		};
		A1FC435E1FD18915004E9AF0 /* Main */ = {
			isa = PBXGroup;
			children = (
				A1FC43601FD18928004E9AF0 /* CollectionView */,
				A1FC43651FD18940004E9AF0 /* ListPublicGistConfigurator.swift */,
				A1FC43661FD18940004E9AF0 /* ListPublicGistInteractor.swift */,
				A1FC43671FD18940004E9AF0 /* ListPublicGistModels.swift */,
				A1FC43631FD1893F004E9AF0 /* ListPublicGistPresenter.swift */,
				A1FC43641FD1893F004E9AF0 /* ListPublicGistRouter.swift */,
				A1FC43621FD1893F004E9AF0 /* ListPublicGistViewController.swift */,
			);
			path = Main;
			sourceTree = "<group>";
		};
		A1FC435F1FD18919004E9AF0 /* Detail */ = {
			isa = PBXGroup;
			children = (
				A18481BC1FD457BA009308E9 /* TableView */,
				A1FC43761FD18974004E9AF0 /* GistDetailConfigurator.swift */,
				A1FC43771FD18974004E9AF0 /* GistDetailInteractor.swift */,
				A1FC43791FD18974004E9AF0 /* GistDetailModels.swift */,
				A1FC43781FD18974004E9AF0 /* GistDetailPresenter.swift */,
				A1FC43741FD18973004E9AF0 /* GistDetailRouter.swift */,
				A1FC43751FD18973004E9AF0 /* GistDetailViewController.swift */,
			);
			path = Detail;
			sourceTree = "<group>";
		};
		A1FC43601FD18928004E9AF0 /* CollectionView */ = {
			isa = PBXGroup;
			children = (
				A1FC436E1FD1894D004E9AF0 /* GistsCollectionView.swift */,
				A1FC43611FD1892D004E9AF0 /* Cell */,
			);
			path = CollectionView;
			sourceTree = "<group>";
		};
		A1FC43611FD1892D004E9AF0 /* Cell */ = {
			isa = PBXGroup;
			children = (
				A1FC43711FD18961004E9AF0 /* GistCollectionViewCell.swift */,
				A1FC43701FD18960004E9AF0 /* GistCollectionViewCell.xib */,
			);
			path = Cell;
			sourceTree = "<group>";
		};
		A1FC43801FD18985004E9AF0 /* Services */ = {
			isa = PBXGroup;
			children = (
				A1FC43811FD1899D004E9AF0 /* WebServiceHelper.swift */,
			);
			path = Services;
			sourceTree = "<group>";
		};
		A1FC43831FD189A0004E9AF0 /* Stores */ = {
			isa = PBXGroup;
			children = (
				A1FC43841FD189AD004E9AF0 /* GistRestStore.swift */,
			);
			path = Stores;
			sourceTree = "<group>";
		};
		A1FC43861FD189B0004E9AF0 /* Workers */ = {
			isa = PBXGroup;
			children = (
				A1FC43871FD189C1004E9AF0 /* GistWorker.swift */,
			);
			path = Workers;
			sourceTree = "<group>";
		};
		A1FC43961FD1E0AA004E9AF0 /* Components */ = {
			isa = PBXGroup;
			children = (
				A18481BD1FD457CB009308E9 /* SingleInformationTableViewCell */,
				A1FC43971FD1E0C7004E9AF0 /* AlertBuilder.swift */,
			);
			path = Components;
			sourceTree = "<group>";
		};
		C2589A74A6A58963A266B29A /* Frameworks */ = {
			isa = PBXGroup;
			children = (
				77CFDB6941313E2E30782EF2 /* Pods_GithubGists.framework */,
				C300879C4C3DCE9BEA4FC0D7 /* Pods_GithubGistsTests.framework */,
			);
			name = Frameworks;
			sourceTree = "<group>";
		};
		CC11A575C1A234C5106D440D /* Pods */ = {
			isa = PBXGroup;
			children = (
				17BFE1660E41203F71521219 /* Pods-GithubGists.debug.xcconfig */,
				C4D86EA90AA3871AE877241C /* Pods-GithubGists.release.xcconfig */,
				8C4E24D8217355671A7FA86D /* Pods-GithubGistsTests.debug.xcconfig */,
				8BC9DCF0ED4FC52BD9A59B2B /* Pods-GithubGistsTests.release.xcconfig */,
			);
			name = Pods;
			sourceTree = "<group>";
		};
/* End PBXGroup section */

/* Begin PBXNativeTarget section */
		A18481C81FD46B4A009308E9 /* GithubGistsTests */ = {
			isa = PBXNativeTarget;
			buildConfigurationList = A18481D01FD46B4A009308E9 /* Build configuration list for PBXNativeTarget "GithubGistsTests" */;
			buildPhases = (
				38569402C353A23EAEF8F502 /* [CP] Check Pods Manifest.lock */,
				A18481C51FD46B4A009308E9 /* Sources */,
				A18481C61FD46B4A009308E9 /* Frameworks */,
				A18481C71FD46B4A009308E9 /* Resources */,
				C709AE92FA63AF9D2DB974AC /* [CP] Embed Pods Frameworks */,
				B54D0D0F153BAC6A08F66FF6 /* [CP] Copy Pods Resources */,
			);
			buildRules = (
			);
			dependencies = (
				A18481CF1FD46B4A009308E9 /* PBXTargetDependency */,
			);
			name = GithubGistsTests;
			productName = GithubGistsTests;
			productReference = A18481C91FD46B4A009308E9 /* GithubGistsTests.xctest */;
			productType = "com.apple.product-type.bundle.unit-test";
		};
		A1FC43361FD18660004E9AF0 /* GithubGists */ = {
			isa = PBXNativeTarget;
			buildConfigurationList = A1FC43491FD18660004E9AF0 /* Build configuration list for PBXNativeTarget "GithubGists" */;
			buildPhases = (
				27086670A2F144411A78D21A /* [CP] Check Pods Manifest.lock */,
				A1FC43331FD18660004E9AF0 /* Sources */,
				A1FC43341FD18660004E9AF0 /* Frameworks */,
				A1FC43351FD18660004E9AF0 /* Resources */,
				C8ECB635705B9EFB8A2F2339 /* [CP] Embed Pods Frameworks */,
				9C356040013F5FD2B4FFAD59 /* [CP] Copy Pods Resources */,
			);
			buildRules = (
			);
			dependencies = (
			);
			name = GithubGists;
			productName = GithubGists;
			productReference = A1FC43371FD18660004E9AF0 /* GithubGists.app */;
			productType = "com.apple.product-type.application";
		};
/* End PBXNativeTarget section */

/* Begin PBXProject section */
		A1FC432F1FD18660004E9AF0 /* Project object */ = {
			isa = PBXProject;
			attributes = {
				LastSwiftUpdateCheck = 0910;
				LastUpgradeCheck = 0910;
				ORGANIZATIONNAME = "Vinicius Romani";
				TargetAttributes = {
					A18481C81FD46B4A009308E9 = {
						CreatedOnToolsVersion = 9.1;
						ProvisioningStyle = Automatic;
						TestTargetID = A1FC43361FD18660004E9AF0;
					};
					A1FC43361FD18660004E9AF0 = {
						CreatedOnToolsVersion = 9.1;
						ProvisioningStyle = Automatic;
					};
				};
			};
			buildConfigurationList = A1FC43321FD18660004E9AF0 /* Build configuration list for PBXProject "GithubGists" */;
			compatibilityVersion = "Xcode 8.0";
			developmentRegion = en;
			hasScannedForEncodings = 0;
			knownRegions = (
				en,
				Base,
			);
			mainGroup = A1FC432E1FD18660004E9AF0;
			productRefGroup = A1FC43381FD18660004E9AF0 /* Products */;
			projectDirPath = "";
			projectRoot = "";
			targets = (
				A1FC43361FD18660004E9AF0 /* GithubGists */,
				A18481C81FD46B4A009308E9 /* GithubGistsTests */,
			);
		};
/* End PBXProject section */

/* Begin PBXResourcesBuildPhase section */
		A18481C71FD46B4A009308E9 /* Resources */ = {
			isa = PBXResourcesBuildPhase;
			buildActionMask = 2147483647;
			files = (
			);
			runOnlyForDeploymentPostprocessing = 0;
		};
		A1FC43351FD18660004E9AF0 /* Resources */ = {
			isa = PBXResourcesBuildPhase;
			buildActionMask = 2147483647;
			files = (
				A1FC43451FD18660004E9AF0 /* LaunchScreen.storyboard in Resources */,
				A1FC43421FD18660004E9AF0 /* Assets.xcassets in Resources */,
				A18481C11FD457FA009308E9 /* SingleInformationTableViewCell.xib in Resources */,
				A1FC43721FD18961004E9AF0 /* GistCollectionViewCell.xib in Resources */,
				A1FC438A1FD189F6004E9AF0 /* Main.storyboard in Resources */,
			);
			runOnlyForDeploymentPostprocessing = 0;
		};
/* End PBXResourcesBuildPhase section */

/* Begin PBXShellScriptBuildPhase section */
		27086670A2F144411A78D21A /* [CP] Check Pods Manifest.lock */ = {
			isa = PBXShellScriptBuildPhase;
			buildActionMask = 2147483647;
			files = (
			);
			inputPaths = (
				"${PODS_PODFILE_DIR_PATH}/Podfile.lock",
				"${PODS_ROOT}/Manifest.lock",
			);
			name = "[CP] Check Pods Manifest.lock";
			outputPaths = (
				"$(DERIVED_FILE_DIR)/Pods-GithubGists-checkManifestLockResult.txt",
			);
			runOnlyForDeploymentPostprocessing = 0;
			shellPath = /bin/sh;
			shellScript = "diff \"${PODS_PODFILE_DIR_PATH}/Podfile.lock\" \"${PODS_ROOT}/Manifest.lock\" > /dev/null\nif [ $? != 0 ] ; then\n    # print error to STDERR\n    echo \"error: The sandbox is not in sync with the Podfile.lock. Run 'pod install' or update your CocoaPods installation.\" >&2\n    exit 1\nfi\n# This output is used by Xcode 'outputs' to avoid re-running this script phase.\necho \"SUCCESS\" > \"${SCRIPT_OUTPUT_FILE_0}\"\n";
			showEnvVarsInLog = 0;
		};
		38569402C353A23EAEF8F502 /* [CP] Check Pods Manifest.lock */ = {
			isa = PBXShellScriptBuildPhase;
			buildActionMask = 2147483647;
			files = (
			);
			inputPaths = (
				"${PODS_PODFILE_DIR_PATH}/Podfile.lock",
				"${PODS_ROOT}/Manifest.lock",
			);
			name = "[CP] Check Pods Manifest.lock";
			outputPaths = (
				"$(DERIVED_FILE_DIR)/Pods-GithubGistsTests-checkManifestLockResult.txt",
			);
			runOnlyForDeploymentPostprocessing = 0;
			shellPath = /bin/sh;
			shellScript = "diff \"${PODS_PODFILE_DIR_PATH}/Podfile.lock\" \"${PODS_ROOT}/Manifest.lock\" > /dev/null\nif [ $? != 0 ] ; then\n    # print error to STDERR\n    echo \"error: The sandbox is not in sync with the Podfile.lock. Run 'pod install' or update your CocoaPods installation.\" >&2\n    exit 1\nfi\n# This output is used by Xcode 'outputs' to avoid re-running this script phase.\necho \"SUCCESS\" > \"${SCRIPT_OUTPUT_FILE_0}\"\n";
			showEnvVarsInLog = 0;
		};
		9C356040013F5FD2B4FFAD59 /* [CP] Copy Pods Resources */ = {
			isa = PBXShellScriptBuildPhase;
			buildActionMask = 2147483647;
			files = (
			);
			inputPaths = (
			);
			name = "[CP] Copy Pods Resources";
			outputPaths = (
			);
			runOnlyForDeploymentPostprocessing = 0;
			shellPath = /bin/sh;
			shellScript = "\"${SRCROOT}/Pods/Target Support Files/Pods-GithubGists/Pods-GithubGists-resources.sh\"\n";
			showEnvVarsInLog = 0;
		};
		B54D0D0F153BAC6A08F66FF6 /* [CP] Copy Pods Resources */ = {
			isa = PBXShellScriptBuildPhase;
			buildActionMask = 2147483647;
			files = (
			);
			inputPaths = (
			);
			name = "[CP] Copy Pods Resources";
			outputPaths = (
			);
			runOnlyForDeploymentPostprocessing = 0;
			shellPath = /bin/sh;
			shellScript = "\"${SRCROOT}/Pods/Target Support Files/Pods-GithubGistsTests/Pods-GithubGistsTests-resources.sh\"\n";
			showEnvVarsInLog = 0;
		};
		C709AE92FA63AF9D2DB974AC /* [CP] Embed Pods Frameworks */ = {
			isa = PBXShellScriptBuildPhase;
			buildActionMask = 2147483647;
			files = (
			);
			inputPaths = (
				"${SRCROOT}/Pods/Target Support Files/Pods-GithubGistsTests/Pods-GithubGistsTests-frameworks.sh",
				"${BUILT_PRODUCTS_DIR}/Alamofire/Alamofire.framework",
				"${BUILT_PRODUCTS_DIR}/Kingfisher/Kingfisher.framework",
				"${BUILT_PRODUCTS_DIR}/SnapKit/SnapKit.framework",
				"${BUILT_PRODUCTS_DIR}/SwiftyJSON/SwiftyJSON.framework",
			);
			name = "[CP] Embed Pods Frameworks";
			outputPaths = (
				"${TARGET_BUILD_DIR}/${FRAMEWORKS_FOLDER_PATH}/Alamofire.framework",
				"${TARGET_BUILD_DIR}/${FRAMEWORKS_FOLDER_PATH}/Kingfisher.framework",
				"${TARGET_BUILD_DIR}/${FRAMEWORKS_FOLDER_PATH}/SnapKit.framework",
				"${TARGET_BUILD_DIR}/${FRAMEWORKS_FOLDER_PATH}/SwiftyJSON.framework",
			);
			runOnlyForDeploymentPostprocessing = 0;
			shellPath = /bin/sh;
			shellScript = "\"${SRCROOT}/Pods/Target Support Files/Pods-GithubGistsTests/Pods-GithubGistsTests-frameworks.sh\"\n";
			showEnvVarsInLog = 0;
		};
		C8ECB635705B9EFB8A2F2339 /* [CP] Embed Pods Frameworks */ = {
			isa = PBXShellScriptBuildPhase;
			buildActionMask = 2147483647;
			files = (
			);
			inputPaths = (
				"${SRCROOT}/Pods/Target Support Files/Pods-GithubGists/Pods-GithubGists-frameworks.sh",
				"${BUILT_PRODUCTS_DIR}/Alamofire/Alamofire.framework",
				"${BUILT_PRODUCTS_DIR}/Kingfisher/Kingfisher.framework",
				"${BUILT_PRODUCTS_DIR}/SnapKit/SnapKit.framework",
				"${BUILT_PRODUCTS_DIR}/SwiftyJSON/SwiftyJSON.framework",
			);
			name = "[CP] Embed Pods Frameworks";
			outputPaths = (
				"${TARGET_BUILD_DIR}/${FRAMEWORKS_FOLDER_PATH}/Alamofire.framework",
				"${TARGET_BUILD_DIR}/${FRAMEWORKS_FOLDER_PATH}/Kingfisher.framework",
				"${TARGET_BUILD_DIR}/${FRAMEWORKS_FOLDER_PATH}/SnapKit.framework",
				"${TARGET_BUILD_DIR}/${FRAMEWORKS_FOLDER_PATH}/SwiftyJSON.framework",
			);
			runOnlyForDeploymentPostprocessing = 0;
			shellPath = /bin/sh;
			shellScript = "\"${SRCROOT}/Pods/Target Support Files/Pods-GithubGists/Pods-GithubGists-frameworks.sh\"\n";
			showEnvVarsInLog = 0;
		};
/* End PBXShellScriptBuildPhase section */

/* Begin PBXSourcesBuildPhase section */
		A18481C51FD46B4A009308E9 /* Sources */ = {
			isa = PBXSourcesBuildPhase;
			buildActionMask = 2147483647;
			files = (
				A18D8C031FD47E4A00FDE0FB /* GistDetailInteractor.swift in Sources */,
				A18D8C021FD47E3800FDE0FB /* ListPublicGistConfigurator.swift in Sources */,
				A18D8C041FD47E4C00FDE0FB /* ListPublicGistInteractor.swift in Sources */,
				A18D8BE71FD471F200FDE0FB /* Gist.swift in Sources */,
				A18D8BEE1FD472F100FDE0FB /* GistCollectionViewCell.swift in Sources */,
				A18D8BFF1FD47E1500FDE0FB /* ListPublicGistRouter.swift in Sources */,
				A18D8BFD1FD47DDA00FDE0FB /* BaseViewController.swift in Sources */,
				A18D8BEF1FD472F900FDE0FB /* ListPublicGistModels.swift in Sources */,
				A18D8BE81FD471F500FDE0FB /* File.swift in Sources */,
				A18D8BFB1FD47D7600FDE0FB /* GistDetailTableView.swift in Sources */,
				A18D8BF21FD4736300FDE0FB /* SingleInformationTableViewCell.swift in Sources */,
				A18D8BFC1FD47D7A00FDE0FB /* GistsCollectionView.swift in Sources */,
				A18D8BF91FD47CEE00FDE0FB /* GistDetailViewController.swift in Sources */,
				A18D8C011FD47E3200FDE0FB /* GistDetailConfigurator.swift in Sources */,
				A18D8BED1FD472D700FDE0FB /* ListPublicGistPresenter.swift in Sources */,
				A18D8BF61FD47B0500FDE0FB /* UIImageView+Kingfisher.swift in Sources */,
				A18D8BEC1FD472AB00FDE0FB /* PresenterTest.swift in Sources */,
				A18D8BF01FD4735A00FDE0FB /* GistDetailPresenter.swift in Sources */,
				A18D8BF41FD478DE00FDE0FB /* ServiceTest.swift in Sources */,
				A18D8C001FD47E1A00FDE0FB /* GistDetailRouter.swift in Sources */,
				A18D8BE61FD470CB00FDE0FB /* WebServiceHelper.swift in Sources */,
				A18D8BE41FD470C400FDE0FB /* GistWorker.swift in Sources */,
				A18D8BE51FD470C700FDE0FB /* GistRestStore.swift in Sources */,
				A18D8BF51FD47AFF00FDE0FB /* AlertBuilder.swift in Sources */,
				A18D8BE91FD471F800FDE0FB /* User.swift in Sources */,
				A18D8BF11FD4735D00FDE0FB /* GistDetailModels.swift in Sources */,
				A18D8BFA1FD47CF300FDE0FB /* ListPublicGistViewController.swift in Sources */,
				A18D8BEA1FD4721300FDE0FB /* Url.swift in Sources */,
				A18D8BFE1FD47E0900FDE0FB /* Constants.swift in Sources */,
			);
			runOnlyForDeploymentPostprocessing = 0;
		};
		A1FC43331FD18660004E9AF0 /* Sources */ = {
			isa = PBXSourcesBuildPhase;
			buildActionMask = 2147483647;
			files = (
				A18481C31FD4580A009308E9 /* SingleInformationTableViewCell.swift in Sources */,
				A1FC435A1FD188F8004E9AF0 /* File.swift in Sources */,
				A1FC433B1FD18660004E9AF0 /* AppDelegate.swift in Sources */,
				A1FC438F1FD1C0DD004E9AF0 /* UIImageView+Kingfisher.swift in Sources */,
				A1FC437F1FD18974004E9AF0 /* GistDetailModels.swift in Sources */,
				A1FC43851FD189AD004E9AF0 /* GistRestStore.swift in Sources */,
				A18481BF1FD457E8009308E9 /* GistDetailTableView.swift in Sources */,
				A1FC439B1FD1EDEE004E9AF0 /* BaseViewController.swift in Sources */,
				A1FC43881FD189C1004E9AF0 /* GistWorker.swift in Sources */,
				A1FC437E1FD18974004E9AF0 /* GistDetailPresenter.swift in Sources */,
				A1FC43821FD1899D004E9AF0 /* WebServiceHelper.swift in Sources */,
				A1FC437C1FD18974004E9AF0 /* GistDetailConfigurator.swift in Sources */,
				A1FC436C1FD18940004E9AF0 /* ListPublicGistInteractor.swift in Sources */,
				A1FC436A1FD18940004E9AF0 /* ListPublicGistRouter.swift in Sources */,
				A1FC43691FD18940004E9AF0 /* ListPublicGistPresenter.swift in Sources */,
				A1FC435B1FD188F8004E9AF0 /* Gist.swift in Sources */,
				A1FC437B1FD18974004E9AF0 /* GistDetailViewController.swift in Sources */,
				A1FC43731FD18961004E9AF0 /* GistCollectionViewCell.swift in Sources */,
				A1FC436B1FD18940004E9AF0 /* ListPublicGistConfigurator.swift in Sources */,
				A1FC43521FD188C9004E9AF0 /* Url.swift in Sources */,
				A1FC43551FD188E7004E9AF0 /* UIView+ExtraAttributes.swift in Sources */,
				A1FC43981FD1E0C7004E9AF0 /* AlertBuilder.swift in Sources */,
				A1FC436D1FD18940004E9AF0 /* ListPublicGistModels.swift in Sources */,
				A1FC43511FD188C9004E9AF0 /* Constants.swift in Sources */,
				A1FC437D1FD18974004E9AF0 /* GistDetailInteractor.swift in Sources */,
				A1FC437A1FD18974004E9AF0 /* GistDetailRouter.swift in Sources */,
				A1FC436F1FD1894D004E9AF0 /* GistsCollectionView.swift in Sources */,
				A1FC43681FD18940004E9AF0 /* ListPublicGistViewController.swift in Sources */,
				A1FC435C1FD188F8004E9AF0 /* User.swift in Sources */,
			);
			runOnlyForDeploymentPostprocessing = 0;
		};
/* End PBXSourcesBuildPhase section */

/* Begin PBXTargetDependency section */
		A18481CF1FD46B4A009308E9 /* PBXTargetDependency */ = {
			isa = PBXTargetDependency;
			target = A1FC43361FD18660004E9AF0 /* GithubGists */;
			targetProxy = A18481CE1FD46B4A009308E9 /* PBXContainerItemProxy */;
		};
/* End PBXTargetDependency section */

/* Begin PBXVariantGroup section */
		A1FC43431FD18660004E9AF0 /* LaunchScreen.storyboard */ = {
			isa = PBXVariantGroup;
			children = (
				A1FC43441FD18660004E9AF0 /* Base */,
			);
			name = LaunchScreen.storyboard;
			sourceTree = "<group>";
		};
/* End PBXVariantGroup section */

/* Begin XCBuildConfiguration section */
		A18481D11FD46B4A009308E9 /* Debug */ = {
			isa = XCBuildConfiguration;
			baseConfigurationReference = 8C4E24D8217355671A7FA86D /* Pods-GithubGistsTests.debug.xcconfig */;
			buildSettings = {
				BUNDLE_LOADER = "$(TEST_HOST)";
				CODE_SIGN_STYLE = Automatic;
				DEVELOPMENT_TEAM = GH9XV2DUZP;
				INFOPLIST_FILE = GithubGistsTests/Info.plist;
				LD_RUNPATH_SEARCH_PATHS = "$(inherited) @executable_path/Frameworks @loader_path/Frameworks";
				PRODUCT_BUNDLE_IDENTIFIER = com.vinicius.GithubGistsTests;
				PRODUCT_NAME = "$(TARGET_NAME)";
				SWIFT_VERSION = 4.0;
				TARGETED_DEVICE_FAMILY = "1,2";
				TEST_HOST = "$(BUILT_PRODUCTS_DIR)/GithubGists.app/GithubGists";
			};
			name = Debug;
		};
		A18481D21FD46B4A009308E9 /* Release */ = {
			isa = XCBuildConfiguration;
			baseConfigurationReference = 8BC9DCF0ED4FC52BD9A59B2B /* Pods-GithubGistsTests.release.xcconfig */;
			buildSettings = {
				BUNDLE_LOADER = "$(TEST_HOST)";
				CODE_SIGN_STYLE = Automatic;
				DEVELOPMENT_TEAM = GH9XV2DUZP;
				INFOPLIST_FILE = GithubGistsTests/Info.plist;
				LD_RUNPATH_SEARCH_PATHS = "$(inherited) @executable_path/Frameworks @loader_path/Frameworks";
				PRODUCT_BUNDLE_IDENTIFIER = com.vinicius.GithubGistsTests;
				PRODUCT_NAME = "$(TARGET_NAME)";
				SWIFT_VERSION = 4.0;
				TARGETED_DEVICE_FAMILY = "1,2";
				TEST_HOST = "$(BUILT_PRODUCTS_DIR)/GithubGists.app/GithubGists";
			};
			name = Release;
		};
		A1FC43471FD18660004E9AF0 /* Debug */ = {
			isa = XCBuildConfiguration;
			buildSettings = {
				ALWAYS_SEARCH_USER_PATHS = NO;
				CLANG_ANALYZER_NONNULL = YES;
				CLANG_ANALYZER_NUMBER_OBJECT_CONVERSION = YES_AGGRESSIVE;
				CLANG_CXX_LANGUAGE_STANDARD = "gnu++14";
				CLANG_CXX_LIBRARY = "libc++";
				CLANG_ENABLE_MODULES = YES;
				CLANG_ENABLE_OBJC_ARC = YES;
				CLANG_WARN_BLOCK_CAPTURE_AUTORELEASING = YES;
				CLANG_WARN_BOOL_CONVERSION = YES;
				CLANG_WARN_COMMA = YES;
				CLANG_WARN_CONSTANT_CONVERSION = YES;
				CLANG_WARN_DIRECT_OBJC_ISA_USAGE = YES_ERROR;
				CLANG_WARN_DOCUMENTATION_COMMENTS = YES;
				CLANG_WARN_EMPTY_BODY = YES;
				CLANG_WARN_ENUM_CONVERSION = YES;
				CLANG_WARN_INFINITE_RECURSION = YES;
				CLANG_WARN_INT_CONVERSION = YES;
				CLANG_WARN_NON_LITERAL_NULL_CONVERSION = YES;
				CLANG_WARN_OBJC_LITERAL_CONVERSION = YES;
				CLANG_WARN_OBJC_ROOT_CLASS = YES_ERROR;
				CLANG_WARN_RANGE_LOOP_ANALYSIS = YES;
				CLANG_WARN_STRICT_PROTOTYPES = YES;
				CLANG_WARN_SUSPICIOUS_MOVE = YES;
				CLANG_WARN_UNGUARDED_AVAILABILITY = YES_AGGRESSIVE;
				CLANG_WARN_UNREACHABLE_CODE = YES;
				CLANG_WARN__DUPLICATE_METHOD_MATCH = YES;
				CODE_SIGN_IDENTITY = "iPhone Developer";
				COPY_PHASE_STRIP = NO;
				DEBUG_INFORMATION_FORMAT = dwarf;
				ENABLE_STRICT_OBJC_MSGSEND = YES;
				ENABLE_TESTABILITY = YES;
				GCC_C_LANGUAGE_STANDARD = gnu11;
				GCC_DYNAMIC_NO_PIC = NO;
				GCC_NO_COMMON_BLOCKS = YES;
				GCC_OPTIMIZATION_LEVEL = 0;
				GCC_PREPROCESSOR_DEFINITIONS = (
					"DEBUG=1",
					"$(inherited)",
				);
				GCC_WARN_64_TO_32_BIT_CONVERSION = YES;
				GCC_WARN_ABOUT_RETURN_TYPE = YES_ERROR;
				GCC_WARN_UNDECLARED_SELECTOR = YES;
				GCC_WARN_UNINITIALIZED_AUTOS = YES_AGGRESSIVE;
				GCC_WARN_UNUSED_FUNCTION = YES;
				GCC_WARN_UNUSED_VARIABLE = YES;
				IPHONEOS_DEPLOYMENT_TARGET = 11.1;
				MTL_ENABLE_DEBUG_INFO = YES;
				ONLY_ACTIVE_ARCH = YES;
				SDKROOT = iphoneos;
				SWIFT_ACTIVE_COMPILATION_CONDITIONS = DEBUG;
				SWIFT_OPTIMIZATION_LEVEL = "-Onone";
			};
			name = Debug;
		};
		A1FC43481FD18660004E9AF0 /* Release */ = {
			isa = XCBuildConfiguration;
			buildSettings = {
				ALWAYS_SEARCH_USER_PATHS = NO;
				CLANG_ANALYZER_NONNULL = YES;
				CLANG_ANALYZER_NUMBER_OBJECT_CONVERSION = YES_AGGRESSIVE;
				CLANG_CXX_LANGUAGE_STANDARD = "gnu++14";
				CLANG_CXX_LIBRARY = "libc++";
				CLANG_ENABLE_MODULES = YES;
				CLANG_ENABLE_OBJC_ARC = YES;
				CLANG_WARN_BLOCK_CAPTURE_AUTORELEASING = YES;
				CLANG_WARN_BOOL_CONVERSION = YES;
				CLANG_WARN_COMMA = YES;
				CLANG_WARN_CONSTANT_CONVERSION = YES;
				CLANG_WARN_DIRECT_OBJC_ISA_USAGE = YES_ERROR;
				CLANG_WARN_DOCUMENTATION_COMMENTS = YES;
				CLANG_WARN_EMPTY_BODY = YES;
				CLANG_WARN_ENUM_CONVERSION = YES;
				CLANG_WARN_INFINITE_RECURSION = YES;
				CLANG_WARN_INT_CONVERSION = YES;
				CLANG_WARN_NON_LITERAL_NULL_CONVERSION = YES;
				CLANG_WARN_OBJC_LITERAL_CONVERSION = YES;
				CLANG_WARN_OBJC_ROOT_CLASS = YES_ERROR;
				CLANG_WARN_RANGE_LOOP_ANALYSIS = YES;
				CLANG_WARN_STRICT_PROTOTYPES = YES;
				CLANG_WARN_SUSPICIOUS_MOVE = YES;
				CLANG_WARN_UNGUARDED_AVAILABILITY = YES_AGGRESSIVE;
				CLANG_WARN_UNREACHABLE_CODE = YES;
				CLANG_WARN__DUPLICATE_METHOD_MATCH = YES;
				CODE_SIGN_IDENTITY = "iPhone Developer";
				COPY_PHASE_STRIP = NO;
				DEBUG_INFORMATION_FORMAT = "dwarf-with-dsym";
				ENABLE_NS_ASSERTIONS = NO;
				ENABLE_STRICT_OBJC_MSGSEND = YES;
				GCC_C_LANGUAGE_STANDARD = gnu11;
				GCC_NO_COMMON_BLOCKS = YES;
				GCC_WARN_64_TO_32_BIT_CONVERSION = YES;
				GCC_WARN_ABOUT_RETURN_TYPE = YES_ERROR;
				GCC_WARN_UNDECLARED_SELECTOR = YES;
				GCC_WARN_UNINITIALIZED_AUTOS = YES_AGGRESSIVE;
				GCC_WARN_UNUSED_FUNCTION = YES;
				GCC_WARN_UNUSED_VARIABLE = YES;
				IPHONEOS_DEPLOYMENT_TARGET = 11.1;
				MTL_ENABLE_DEBUG_INFO = NO;
				SDKROOT = iphoneos;
				SWIFT_OPTIMIZATION_LEVEL = "-Owholemodule";
				VALIDATE_PRODUCT = YES;
			};
			name = Release;
		};
		A1FC434A1FD18660004E9AF0 /* Debug */ = {
			isa = XCBuildConfiguration;
			baseConfigurationReference = 17BFE1660E41203F71521219 /* Pods-GithubGists.debug.xcconfig */;
			buildSettings = {
				ASSETCATALOG_COMPILER_APPICON_NAME = AppIcon;
				CODE_SIGN_STYLE = Automatic;
				DEVELOPMENT_TEAM = GH9XV2DUZP;
				INFOPLIST_FILE = "GithubGists/Support Files/Info.plist";
				LD_RUNPATH_SEARCH_PATHS = "$(inherited) @executable_path/Frameworks";
				PRODUCT_BUNDLE_IDENTIFIER = com.vinicius.GithubGists;
				PRODUCT_NAME = "$(TARGET_NAME)";
				SWIFT_VERSION = 4.0;
				TARGETED_DEVICE_FAMILY = "1,2";
			};
			name = Debug;
		};
		A1FC434B1FD18660004E9AF0 /* Release */ = {
			isa = XCBuildConfiguration;
			baseConfigurationReference = C4D86EA90AA3871AE877241C /* Pods-GithubGists.release.xcconfig */;
			buildSettings = {
				ASSETCATALOG_COMPILER_APPICON_NAME = AppIcon;
				CODE_SIGN_STYLE = Automatic;
				DEVELOPMENT_TEAM = GH9XV2DUZP;
				INFOPLIST_FILE = "GithubGists/Support Files/Info.plist";
				LD_RUNPATH_SEARCH_PATHS = "$(inherited) @executable_path/Frameworks";
				PRODUCT_BUNDLE_IDENTIFIER = com.vinicius.GithubGists;
				PRODUCT_NAME = "$(TARGET_NAME)";
				SWIFT_VERSION = 4.0;
				TARGETED_DEVICE_FAMILY = "1,2";
			};
			name = Release;
		};
/* End XCBuildConfiguration section */

/* Begin XCConfigurationList section */
		A18481D01FD46B4A009308E9 /* Build configuration list for PBXNativeTarget "GithubGistsTests" */ = {
			isa = XCConfigurationList;
			buildConfigurations = (
				A18481D11FD46B4A009308E9 /* Debug */,
				A18481D21FD46B4A009308E9 /* Release */,
			);
			defaultConfigurationIsVisible = 0;
			defaultConfigurationName = Release;
		};
		A1FC43321FD18660004E9AF0 /* Build configuration list for PBXProject "GithubGists" */ = {
			isa = XCConfigurationList;
			buildConfigurations = (
				A1FC43471FD18660004E9AF0 /* Debug */,
				A1FC43481FD18660004E9AF0 /* Release */,
			);
			defaultConfigurationIsVisible = 0;
			defaultConfigurationName = Release;
		};
		A1FC43491FD18660004E9AF0 /* Build configuration list for PBXNativeTarget "GithubGists" */ = {
			isa = XCConfigurationList;
			buildConfigurations = (
				A1FC434A1FD18660004E9AF0 /* Debug */,
				A1FC434B1FD18660004E9AF0 /* Release */,
			);
			defaultConfigurationIsVisible = 0;
			defaultConfigurationName = Release;
		};
/* End XCConfigurationList section */
	};
	rootObject = A1FC432F1FD18660004E9AF0 /* Project object */;
}
